// !$*UTF8*$!
{
	archiveVersion = 1;
	classes = {
	};
	objectVersion = 46;
	objects = {

/* Begin PBXAggregateTarget section */
		B8AE6DA38AE04E359073C04B /* viator-stereo-widener - All */ = {
			isa = PBXAggregateTarget;
			buildConfigurationList = 36557F05AE13EFD75CEB82FF;
			buildPhases = (
			);
			dependencies = (
				EE92D46F8DCDE912D14282E6,
				6EE9A85DA1E642554584E823,
				29542BB40288C0175C9D62EE,
				E39313BD1161F7D762A69FB7,
			);
			name = "viator-stereo-widener - All";
			productName = "viator-stereo-widener";
		};
/* End PBXAggregateTarget section */

/* Begin PBXBuildFile section */
		01494DD6E6E93281AED23BC0 /* include_juce_core.mm */ = {isa = PBXBuildFile; fileRef = 7C3D0FFCAAD28FD38B36FBCC; };
		072F95F81318EAC1688169FB /* include_juce_audio_utils.mm */ = {isa = PBXBuildFile; fileRef = EFC303422888E4DA8D3E3373; };
		0BA1F68F9AB565117BC301B4 /* PluginProcessor.cpp */ = {isa = PBXBuildFile; fileRef = A0F1548BACCF45B04658876B; };
		0F5605579E34E4A1314B9F67 /* include_juce_audio_basics.mm */ = {isa = PBXBuildFile; fileRef = 45C6BD4444B682677FCC9F09; };
		11CA5847C92028CC2CAC38E3 /* VST3 */ = {isa = PBXBuildFile; fileRef = 963ED97C104A537A5940E10C; };
		1B411BC1C46C3515AD6347D0 /* include_juce_audio_plugin_client_AU_1.mm */ = {isa = PBXBuildFile; fileRef = 046DBC770D70B8EC1DE242C9; };
		28613E94822273B22131ED19 /* include_juce_gui_basics.mm */ = {isa = PBXBuildFile; fileRef = 5292B60A46AEF07547145BDE; };
		29880B1FB96597505D02E4C3 /* AudioUnit.framework */ = {isa = PBXBuildFile; fileRef = D6019E96E54EA2C9AE2CA6B2; };
		2F964E77645B06AC6564050F /* include_viator_modules.cpp */ = {isa = PBXBuildFile; fileRef = A75BD1E5AEB7480C04F9B8BB; };
		34A1BD80A84584BBFA1C7BDE /* include_juce_audio_processors_lv2_libs.cpp */ = {isa = PBXBuildFile; fileRef = 9134B87A3D9B678A8A2CA623; };
		45D8A1BB3B9AEB5FB04ED322 /* include_juce_events.mm */ = {isa = PBXBuildFile; fileRef = 202D2F6FB4642931DD6711A1; };
		4CC4E088BB65773728AABF3D /* include_juce_audio_plugin_client_VST3.cpp */ = {isa = PBXBuildFile; fileRef = 96D8A334A02FB68D2519BADE; };
		518D18ED117C7154C639FB96 /* include_juce_audio_plugin_client_VST_utils.mm */ = {isa = PBXBuildFile; fileRef = FDBB7442D657C2BC8A8E5EBE; };
		537E6E1DE9A384B55BA24AF3 /* include_juce_audio_formats.mm */ = {isa = PBXBuildFile; fileRef = FCB76715EDCC21AD94910A28; };
		59C08EAC9B3BFEE8A6EB76C9 /* Accelerate.framework */ = {isa = PBXBuildFile; fileRef = 28AA93DD4730AE584362F53A; };
		6027B9FF4DD061AB4C41856B /* Foundation.framework */ = {isa = PBXBuildFile; fileRef = C46BD62AABF21D0EC76963BC; };
		63337F99248CF1BA250EEAB5 /* CoreMIDI.framework */ = {isa = PBXBuildFile; fileRef = F4A4B71A8F94942272DF7B1C; };
		690C88698F259BA814DB2FD2 /* include_juce_dsp.mm */ = {isa = PBXBuildFile; fileRef = 9805FCFB55F92EC2A83A5CFD; };
		6A91C3E3201E4ECB99841F30 /* include_juce_audio_devices.mm */ = {isa = PBXBuildFile; fileRef = 818C809255C9AE789EF296B2; };
		7331BF446AB7BDC22B38D96A /* AU */ = {isa = PBXBuildFile; fileRef = 23010EE6A5E009AED41F4436; };
		77B811D4DB0D7F6ED289899D /* include_juce_audio_processors_ara.cpp */ = {isa = PBXBuildFile; fileRef = ABC66281E3468E6906ADE8DB; };
		801900D2CC4BA330FDAFDBBD /* include_juce_audio_plugin_client_AU_2.mm */ = {isa = PBXBuildFile; fileRef = 37E55298D4421E8881B109BC; };
		83120F6EC2CCFEFBFF1F91CF /* PluginEditor.cpp */ = {isa = PBXBuildFile; fileRef = 64138A34358CECEDEC785936; };
		8ED9CEABA1FFBF4A4863CCA1 /* include_juce_data_structures.mm */ = {isa = PBXBuildFile; fileRef = 8235F435B68FAF536071BE08; };
		90EFC6D92AEF07F357F87BEA /* RecentFilesMenuTemplate.nib */ = {isa = PBXBuildFile; fileRef = 3E3DDD47C859D2BC0C5140D8; };
		91582E93AA04D24525A7B102 /* IOKit.framework */ = {isa = PBXBuildFile; fileRef = CC83D554BC68AE03F4D65844; };
		92FB6B0924F9F7BCC9492143 /* include_juce_audio_plugin_client_ARA.cpp */ = {isa = PBXBuildFile; fileRef = 9077E8D13C7AA6530D58F3A9; };
		9DA1DE36DA156B241FC1FA47 /* include_juce_audio_plugin_client_utils.cpp */ = {isa = PBXBuildFile; fileRef = 90A71C0C87CF38AF34326318; };
		ABC12B17D570FE891F15FD81 /* Cocoa.framework */ = {isa = PBXBuildFile; fileRef = E7C08496EA6ED1687AD8A676; };
		BCD5C8D414A2F048E6E311D1 /* Standalone Plugin */ = {isa = PBXBuildFile; fileRef = A8995DDFC8C431738DC46B9F; };
		BE4ED8D9B7108C2A02FCC614 /* CoreAudioKit.framework */ = {isa = PBXBuildFile; fileRef = 03603B2DA9CDEB50EBB1F513; };
		C6E3D9220E535AE16DD8EEBA /* include_juce_audio_processors.mm */ = {isa = PBXBuildFile; fileRef = 43AF36F2D4046686ABA0789B; };
		E2D8C8DEBF93F9863F39670F /* QuartzCore.framework */ = {isa = PBXBuildFile; fileRef = 6FEF672E2212206A85AD6307; };
		E53FF6C1F47969DFB1D595EC /* DiscRecording.framework */ = {isa = PBXBuildFile; fileRef = 636355EB3FF18BB72B2CCF99; };
		E79DD6F83B12C3335E3046CD /* WebKit.framework */ = {isa = PBXBuildFile; fileRef = 27D6A96B22CC5311570B6465; };
		E9C7C2458FFE394853F98E18 /* include_juce_graphics.mm */ = {isa = PBXBuildFile; fileRef = 23CC71D297C9FA21D5116E4E; };
		EB2D7282A56DF46C0A09BB70 /* include_juce_audio_plugin_client_Standalone.cpp */ = {isa = PBXBuildFile; fileRef = 19A22B846CF598C024D64094; };
		EEF364FB4EEA66830F8D2AF1 /* AudioToolbox.framework */ = {isa = PBXBuildFile; fileRef = E733C162AE9F4A5607BCC3D5; };
		F0AE33F65924A0D846A324A6 /* CoreAudio.framework */ = {isa = PBXBuildFile; fileRef = 50214AB98E8C8A11BE3815B2; };
		F20EB2463739F840C1458A92 /* include_juce_gui_extra.mm */ = {isa = PBXBuildFile; fileRef = 670FD6BB9117CBCE80873849; };
		F457F03DB13B9648D0DEBCC1 /* Shared Code */ = {isa = PBXBuildFile; fileRef = 0D3CB514B03438791FF5B3AF; };
/* End PBXBuildFile section */

/* Begin PBXFileReference section */
		03603B2DA9CDEB50EBB1F513 /* CoreAudioKit.framework */ /* CoreAudioKit.framework */ = {isa = PBXFileReference; lastKnownFileType = wrapper.framework; name = CoreAudioKit.framework; path = System/Library/Frameworks/CoreAudioKit.framework; sourceTree = SDKROOT; };
		046DBC770D70B8EC1DE242C9 /* include_juce_audio_plugin_client_AU_1.mm */ /* include_juce_audio_plugin_client_AU_1.mm */ = {isa = PBXFileReference; lastKnownFileType = sourcecode.cpp.objcpp; name = include_juce_audio_plugin_client_AU_1.mm; path = ../../JuceLibraryCode/include_juce_audio_plugin_client_AU_1.mm; sourceTree = SOURCE_ROOT; };
		07FF36F1D37F6592EBAF427E /* juce_audio_basics */ /* juce_audio_basics */ = {isa = PBXFileReference; lastKnownFileType = folder; name = juce_audio_basics; path = ../../../modules/JUCE/modules/juce_audio_basics; sourceTree = SOURCE_ROOT; };
		0D3CB514B03438791FF5B3AF /* Shared Code */ = {isa = PBXFileReference; explicitFileType = archive.ar; includeInIndex = 0; path = "libviator-stereo-widener.a"; sourceTree = BUILT_PRODUCTS_DIR; };
		19764A8F3FC75D85B54B2D2A /* juce_events */ /* juce_events */ = {isa = PBXFileReference; lastKnownFileType = folder; name = juce_events; path = ../../../modules/JUCE/modules/juce_events; sourceTree = SOURCE_ROOT; };
		19A22B846CF598C024D64094 /* include_juce_audio_plugin_client_Standalone.cpp */ /* include_juce_audio_plugin_client_Standalone.cpp */ = {isa = PBXFileReference; lastKnownFileType = sourcecode.cpp.cpp; name = include_juce_audio_plugin_client_Standalone.cpp; path = ../../JuceLibraryCode/include_juce_audio_plugin_client_Standalone.cpp; sourceTree = SOURCE_ROOT; };
		202D2F6FB4642931DD6711A1 /* include_juce_events.mm */ /* include_juce_events.mm */ = {isa = PBXFileReference; lastKnownFileType = sourcecode.cpp.objcpp; name = include_juce_events.mm; path = ../../JuceLibraryCode/include_juce_events.mm; sourceTree = SOURCE_ROOT; };
		23010EE6A5E009AED41F4436 /* AU */ = {isa = PBXFileReference; explicitFileType = wrapper.cfbundle; includeInIndex = 0; path = "viator-stereo-widener.component"; sourceTree = BUILT_PRODUCTS_DIR; };
		23CC71D297C9FA21D5116E4E /* include_juce_graphics.mm */ /* include_juce_graphics.mm */ = {isa = PBXFileReference; lastKnownFileType = sourcecode.cpp.objcpp; name = include_juce_graphics.mm; path = ../../JuceLibraryCode/include_juce_graphics.mm; sourceTree = SOURCE_ROOT; };
		27D6A96B22CC5311570B6465 /* WebKit.framework */ /* WebKit.framework */ = {isa = PBXFileReference; lastKnownFileType = wrapper.framework; name = WebKit.framework; path = System/Library/Frameworks/WebKit.framework; sourceTree = SDKROOT; };
		28AA93DD4730AE584362F53A /* Accelerate.framework */ /* Accelerate.framework */ = {isa = PBXFileReference; lastKnownFileType = wrapper.framework; name = Accelerate.framework; path = System/Library/Frameworks/Accelerate.framework; sourceTree = SDKROOT; };
		37E55298D4421E8881B109BC /* include_juce_audio_plugin_client_AU_2.mm */ /* include_juce_audio_plugin_client_AU_2.mm */ = {isa = PBXFileReference; lastKnownFileType = sourcecode.cpp.objcpp; name = include_juce_audio_plugin_client_AU_2.mm; path = ../../JuceLibraryCode/include_juce_audio_plugin_client_AU_2.mm; sourceTree = SOURCE_ROOT; };
		3E3DDD47C859D2BC0C5140D8 /* RecentFilesMenuTemplate.nib */ /* RecentFilesMenuTemplate.nib */ = {isa = PBXFileReference; lastKnownFileType = file.nib; name = RecentFilesMenuTemplate.nib; path = RecentFilesMenuTemplate.nib; sourceTree = SOURCE_ROOT; };
		3ED1959544D486F28CC87F9C /* Info-Standalone_Plugin.plist */ /* Info-Standalone_Plugin.plist */ = {isa = PBXFileReference; lastKnownFileType = text.plist.xml; name = "Info-Standalone_Plugin.plist"; path = "Info-Standalone_Plugin.plist"; sourceTree = SOURCE_ROOT; };
		43AF36F2D4046686ABA0789B /* include_juce_audio_processors.mm */ /* include_juce_audio_processors.mm */ = {isa = PBXFileReference; lastKnownFileType = sourcecode.cpp.objcpp; name = include_juce_audio_processors.mm; path = ../../JuceLibraryCode/include_juce_audio_processors.mm; sourceTree = SOURCE_ROOT; };
		44153027F95B0385EA17C6C4 /* juce_audio_devices */ /* juce_audio_devices */ = {isa = PBXFileReference; lastKnownFileType = folder; name = juce_audio_devices; path = ../../../modules/JUCE/modules/juce_audio_devices; sourceTree = SOURCE_ROOT; };
		45C6BD4444B682677FCC9F09 /* include_juce_audio_basics.mm */ /* include_juce_audio_basics.mm */ = {isa = PBXFileReference; lastKnownFileType = sourcecode.cpp.objcpp; name = include_juce_audio_basics.mm; path = ../../JuceLibraryCode/include_juce_audio_basics.mm; sourceTree = SOURCE_ROOT; };
		4EB4A0359A5CCE31C6099DD1 /* PluginEditor.h */ /* PluginEditor.h */ = {isa = PBXFileReference; lastKnownFileType = sourcecode.c.h; name = PluginEditor.h; path = ../../Source/PluginEditor.h; sourceTree = SOURCE_ROOT; };
		50214AB98E8C8A11BE3815B2 /* CoreAudio.framework */ /* CoreAudio.framework */ = {isa = PBXFileReference; lastKnownFileType = wrapper.framework; name = CoreAudio.framework; path = System/Library/Frameworks/CoreAudio.framework; sourceTree = SDKROOT; };
		5292B60A46AEF07547145BDE /* include_juce_gui_basics.mm */ /* include_juce_gui_basics.mm */ = {isa = PBXFileReference; lastKnownFileType = sourcecode.cpp.objcpp; name = include_juce_gui_basics.mm; path = ../../JuceLibraryCode/include_juce_gui_basics.mm; sourceTree = SOURCE_ROOT; };
		5CB3552FB866D8925F1A1FA8 /* juce_audio_formats */ /* juce_audio_formats */ = {isa = PBXFileReference; lastKnownFileType = folder; name = juce_audio_formats; path = ../../../modules/JUCE/modules/juce_audio_formats; sourceTree = SOURCE_ROOT; };
		636355EB3FF18BB72B2CCF99 /* DiscRecording.framework */ /* DiscRecording.framework */ = {isa = PBXFileReference; lastKnownFileType = wrapper.framework; name = DiscRecording.framework; path = System/Library/Frameworks/DiscRecording.framework; sourceTree = SDKROOT; };
		64138A34358CECEDEC785936 /* PluginEditor.cpp */ /* PluginEditor.cpp */ = {isa = PBXFileReference; lastKnownFileType = sourcecode.cpp.cpp; name = PluginEditor.cpp; path = ../../Source/PluginEditor.cpp; sourceTree = SOURCE_ROOT; };
		670FD6BB9117CBCE80873849 /* include_juce_gui_extra.mm */ /* include_juce_gui_extra.mm */ = {isa = PBXFileReference; lastKnownFileType = sourcecode.cpp.objcpp; name = include_juce_gui_extra.mm; path = ../../JuceLibraryCode/include_juce_gui_extra.mm; sourceTree = SOURCE_ROOT; };
		67D6153CD503B6C92D70B16A /* juce_data_structures */ /* juce_data_structures */ = {isa = PBXFileReference; lastKnownFileType = folder; name = juce_data_structures; path = ../../../modules/JUCE/modules/juce_data_structures; sourceTree = SOURCE_ROOT; };
		6B07C68830B547824A51D54A /* juce_audio_utils */ /* juce_audio_utils */ = {isa = PBXFileReference; lastKnownFileType = folder; name = juce_audio_utils; path = ../../../modules/JUCE/modules/juce_audio_utils; sourceTree = SOURCE_ROOT; };
		6F33C2FE0DA818E7A81178DE /* juce_gui_extra */ /* juce_gui_extra */ = {isa = PBXFileReference; lastKnownFileType = folder; name = juce_gui_extra; path = ../../../modules/JUCE/modules/juce_gui_extra; sourceTree = SOURCE_ROOT; };
		6FEF672E2212206A85AD6307 /* QuartzCore.framework */ /* QuartzCore.framework */ = {isa = PBXFileReference; lastKnownFileType = wrapper.framework; name = QuartzCore.framework; path = System/Library/Frameworks/QuartzCore.framework; sourceTree = SDKROOT; };
		7275A829311506F51F505A5A /* juce_core */ /* juce_core */ = {isa = PBXFileReference; lastKnownFileType = folder; name = juce_core; path = ../../../modules/JUCE/modules/juce_core; sourceTree = SOURCE_ROOT; };
		737277BDBA41C616679DF233 /* viator_modules */ /* viator_modules */ = {isa = PBXFileReference; lastKnownFileType = folder; name = viator_modules; path = ../../../modules/viatordsp/viator_modules; sourceTree = SOURCE_ROOT; };
		7671928B68F57AF96C61B896 /* JucePluginDefines.h */ /* JucePluginDefines.h */ = {isa = PBXFileReference; lastKnownFileType = sourcecode.c.h; name = JucePluginDefines.h; path = ../../JuceLibraryCode/JucePluginDefines.h; sourceTree = SOURCE_ROOT; };
		7C3D0FFCAAD28FD38B36FBCC /* include_juce_core.mm */ /* include_juce_core.mm */ = {isa = PBXFileReference; lastKnownFileType = sourcecode.cpp.objcpp; name = include_juce_core.mm; path = ../../JuceLibraryCode/include_juce_core.mm; sourceTree = SOURCE_ROOT; };
		818C809255C9AE789EF296B2 /* include_juce_audio_devices.mm */ /* include_juce_audio_devices.mm */ = {isa = PBXFileReference; lastKnownFileType = sourcecode.cpp.objcpp; name = include_juce_audio_devices.mm; path = ../../JuceLibraryCode/include_juce_audio_devices.mm; sourceTree = SOURCE_ROOT; };
		8235F435B68FAF536071BE08 /* include_juce_data_structures.mm */ /* include_juce_data_structures.mm */ = {isa = PBXFileReference; lastKnownFileType = sourcecode.cpp.objcpp; name = include_juce_data_structures.mm; path = ../../JuceLibraryCode/include_juce_data_structures.mm; sourceTree = SOURCE_ROOT; };
		8D144CB8C75E58497A922AF9 /* juce_dsp */ /* juce_dsp */ = {isa = PBXFileReference; lastKnownFileType = folder; name = juce_dsp; path = ../../../modules/JUCE/modules/juce_dsp; sourceTree = SOURCE_ROOT; };
		8FBF5C8183A6BADC56124E91 /* juce_audio_plugin_client */ /* juce_audio_plugin_client */ = {isa = PBXFileReference; lastKnownFileType = folder; name = juce_audio_plugin_client; path = ../../../modules/JUCE/modules/juce_audio_plugin_client; sourceTree = SOURCE_ROOT; };
		9077E8D13C7AA6530D58F3A9 /* include_juce_audio_plugin_client_ARA.cpp */ /* include_juce_audio_plugin_client_ARA.cpp */ = {isa = PBXFileReference; lastKnownFileType = sourcecode.cpp.cpp; name = include_juce_audio_plugin_client_ARA.cpp; path = ../../JuceLibraryCode/include_juce_audio_plugin_client_ARA.cpp; sourceTree = SOURCE_ROOT; };
		90A71C0C87CF38AF34326318 /* include_juce_audio_plugin_client_utils.cpp */ /* include_juce_audio_plugin_client_utils.cpp */ = {isa = PBXFileReference; lastKnownFileType = sourcecode.cpp.cpp; name = include_juce_audio_plugin_client_utils.cpp; path = ../../JuceLibraryCode/include_juce_audio_plugin_client_utils.cpp; sourceTree = SOURCE_ROOT; };
		9134B87A3D9B678A8A2CA623 /* include_juce_audio_processors_lv2_libs.cpp */ /* include_juce_audio_processors_lv2_libs.cpp */ = {isa = PBXFileReference; lastKnownFileType = sourcecode.cpp.cpp; name = include_juce_audio_processors_lv2_libs.cpp; path = ../../JuceLibraryCode/include_juce_audio_processors_lv2_libs.cpp; sourceTree = SOURCE_ROOT; };
		963ED97C104A537A5940E10C /* VST3 */ = {isa = PBXFileReference; explicitFileType = wrapper.cfbundle; includeInIndex = 0; path = "viator-stereo-widener.vst3"; sourceTree = BUILT_PRODUCTS_DIR; };
		96D8A334A02FB68D2519BADE /* include_juce_audio_plugin_client_VST3.cpp */ /* include_juce_audio_plugin_client_VST3.cpp */ = {isa = PBXFileReference; lastKnownFileType = sourcecode.cpp.cpp; name = include_juce_audio_plugin_client_VST3.cpp; path = ../../JuceLibraryCode/include_juce_audio_plugin_client_VST3.cpp; sourceTree = SOURCE_ROOT; };
		9805FCFB55F92EC2A83A5CFD /* include_juce_dsp.mm */ /* include_juce_dsp.mm */ = {isa = PBXFileReference; lastKnownFileType = sourcecode.cpp.objcpp; name = include_juce_dsp.mm; path = ../../JuceLibraryCode/include_juce_dsp.mm; sourceTree = SOURCE_ROOT; };
		A0AB08AB6638FE2E1D529F44 /* juce_graphics */ /* juce_graphics */ = {isa = PBXFileReference; lastKnownFileType = folder; name = juce_graphics; path = ../../../modules/JUCE/modules/juce_graphics; sourceTree = SOURCE_ROOT; };
		A0F1548BACCF45B04658876B /* PluginProcessor.cpp */ /* PluginProcessor.cpp */ = {isa = PBXFileReference; lastKnownFileType = sourcecode.cpp.cpp; name = PluginProcessor.cpp; path = ../../Source/PluginProcessor.cpp; sourceTree = SOURCE_ROOT; };
		A40C50321C456EF94FFE2040 /* juce_gui_basics */ /* juce_gui_basics */ = {isa = PBXFileReference; lastKnownFileType = folder; name = juce_gui_basics; path = ../../../modules/JUCE/modules/juce_gui_basics; sourceTree = SOURCE_ROOT; };
		A75BD1E5AEB7480C04F9B8BB /* include_viator_modules.cpp */ /* include_viator_modules.cpp */ = {isa = PBXFileReference; lastKnownFileType = sourcecode.cpp.cpp; name = include_viator_modules.cpp; path = ../../JuceLibraryCode/include_viator_modules.cpp; sourceTree = SOURCE_ROOT; };
		A8995DDFC8C431738DC46B9F /* Standalone Plugin */ = {isa = PBXFileReference; explicitFileType = wrapper.application; includeInIndex = 0; path = "viator-stereo-widener.app"; sourceTree = BUILT_PRODUCTS_DIR; };
		AB7D582D8D93D4A3970582FE /* juce_audio_processors */ /* juce_audio_processors */ = {isa = PBXFileReference; lastKnownFileType = folder; name = juce_audio_processors; path = ../../../modules/JUCE/modules/juce_audio_processors; sourceTree = SOURCE_ROOT; };
		ABC66281E3468E6906ADE8DB /* include_juce_audio_processors_ara.cpp */ /* include_juce_audio_processors_ara.cpp */ = {isa = PBXFileReference; lastKnownFileType = sourcecode.cpp.cpp; name = include_juce_audio_processors_ara.cpp; path = ../../JuceLibraryCode/include_juce_audio_processors_ara.cpp; sourceTree = SOURCE_ROOT; };
		C46BD62AABF21D0EC76963BC /* Foundation.framework */ /* Foundation.framework */ = {isa = PBXFileReference; lastKnownFileType = wrapper.framework; name = Foundation.framework; path = System/Library/Frameworks/Foundation.framework; sourceTree = SDKROOT; };
		CC83D554BC68AE03F4D65844 /* IOKit.framework */ /* IOKit.framework */ = {isa = PBXFileReference; lastKnownFileType = wrapper.framework; name = IOKit.framework; path = System/Library/Frameworks/IOKit.framework; sourceTree = SDKROOT; };
		CD453DC724C0AE187661B975 /* JuceHeader.h */ /* JuceHeader.h */ = {isa = PBXFileReference; lastKnownFileType = sourcecode.c.h; name = JuceHeader.h; path = ../../JuceLibraryCode/JuceHeader.h; sourceTree = SOURCE_ROOT; };
		CE2C9E576D96F442C1C79636 /* Info-VST3.plist */ /* Info-VST3.plist */ = {isa = PBXFileReference; lastKnownFileType = text.plist.xml; name = "Info-VST3.plist"; path = "Info-VST3.plist"; sourceTree = SOURCE_ROOT; };
		D6019E96E54EA2C9AE2CA6B2 /* AudioUnit.framework */ /* AudioUnit.framework */ = {isa = PBXFileReference; lastKnownFileType = wrapper.framework; name = AudioUnit.framework; path = System/Library/Frameworks/AudioUnit.framework; sourceTree = SDKROOT; };
		D817E4EAD5FCFC38AE0BFDC1 /* PluginProcessor.h */ /* PluginProcessor.h */ = {isa = PBXFileReference; lastKnownFileType = sourcecode.c.h; name = PluginProcessor.h; path = ../../Source/PluginProcessor.h; sourceTree = SOURCE_ROOT; };
		E733C162AE9F4A5607BCC3D5 /* AudioToolbox.framework */ /* AudioToolbox.framework */ = {isa = PBXFileReference; lastKnownFileType = wrapper.framework; name = AudioToolbox.framework; path = System/Library/Frameworks/AudioToolbox.framework; sourceTree = SDKROOT; };
		E7C08496EA6ED1687AD8A676 /* Cocoa.framework */ /* Cocoa.framework */ = {isa = PBXFileReference; lastKnownFileType = wrapper.framework; name = Cocoa.framework; path = System/Library/Frameworks/Cocoa.framework; sourceTree = SDKROOT; };
		EFC303422888E4DA8D3E3373 /* include_juce_audio_utils.mm */ /* include_juce_audio_utils.mm */ = {isa = PBXFileReference; lastKnownFileType = sourcecode.cpp.objcpp; name = include_juce_audio_utils.mm; path = ../../JuceLibraryCode/include_juce_audio_utils.mm; sourceTree = SOURCE_ROOT; };
		F4A4B71A8F94942272DF7B1C /* CoreMIDI.framework */ /* CoreMIDI.framework */ = {isa = PBXFileReference; lastKnownFileType = wrapper.framework; name = CoreMIDI.framework; path = System/Library/Frameworks/CoreMIDI.framework; sourceTree = SDKROOT; };
		FA50DDE66B34880EA2B081F2 /* Info-AU.plist */ /* Info-AU.plist */ = {isa = PBXFileReference; lastKnownFileType = text.plist.xml; name = "Info-AU.plist"; path = "Info-AU.plist"; sourceTree = SOURCE_ROOT; };
		FCB76715EDCC21AD94910A28 /* include_juce_audio_formats.mm */ /* include_juce_audio_formats.mm */ = {isa = PBXFileReference; lastKnownFileType = sourcecode.cpp.objcpp; name = include_juce_audio_formats.mm; path = ../../JuceLibraryCode/include_juce_audio_formats.mm; sourceTree = SOURCE_ROOT; };
		FDBB7442D657C2BC8A8E5EBE /* include_juce_audio_plugin_client_VST_utils.mm */ /* include_juce_audio_plugin_client_VST_utils.mm */ = {isa = PBXFileReference; lastKnownFileType = sourcecode.cpp.objcpp; name = include_juce_audio_plugin_client_VST_utils.mm; path = ../../JuceLibraryCode/include_juce_audio_plugin_client_VST_utils.mm; sourceTree = SOURCE_ROOT; };
/* End PBXFileReference section */

/* Begin PBXFrameworksBuildPhase section */
		3F5A98A6C296EDBEFC37461A = {
			isa = PBXFrameworksBuildPhase;
			buildActionMask = 2147483647;
			files = (
				59C08EAC9B3BFEE8A6EB76C9,
				EEF364FB4EEA66830F8D2AF1,
				ABC12B17D570FE891F15FD81,
				F0AE33F65924A0D846A324A6,
				BE4ED8D9B7108C2A02FCC614,
				63337F99248CF1BA250EEAB5,
				E53FF6C1F47969DFB1D595EC,
				6027B9FF4DD061AB4C41856B,
				91582E93AA04D24525A7B102,
				E2D8C8DEBF93F9863F39670F,
				E79DD6F83B12C3335E3046CD,
			);
			runOnlyForDeploymentPostprocessing = 0;
		};
		53F2C4842AA3AD0D05B4B732 = {
			isa = PBXFrameworksBuildPhase;
			buildActionMask = 2147483647;
			files = (
				59C08EAC9B3BFEE8A6EB76C9,
				EEF364FB4EEA66830F8D2AF1,
				ABC12B17D570FE891F15FD81,
				F0AE33F65924A0D846A324A6,
				BE4ED8D9B7108C2A02FCC614,
				63337F99248CF1BA250EEAB5,
				E53FF6C1F47969DFB1D595EC,
				6027B9FF4DD061AB4C41856B,
				91582E93AA04D24525A7B102,
				E2D8C8DEBF93F9863F39670F,
				E79DD6F83B12C3335E3046CD,
			);
			runOnlyForDeploymentPostprocessing = 0;
		};
		6CC421616D35CD131E73271D = {
			isa = PBXFrameworksBuildPhase;
			buildActionMask = 2147483647;
			files = (
				29880B1FB96597505D02E4C3,
				59C08EAC9B3BFEE8A6EB76C9,
				EEF364FB4EEA66830F8D2AF1,
				ABC12B17D570FE891F15FD81,
				F0AE33F65924A0D846A324A6,
				BE4ED8D9B7108C2A02FCC614,
				63337F99248CF1BA250EEAB5,
				E53FF6C1F47969DFB1D595EC,
				6027B9FF4DD061AB4C41856B,
				91582E93AA04D24525A7B102,
				E2D8C8DEBF93F9863F39670F,
				E79DD6F83B12C3335E3046CD,
			);
			runOnlyForDeploymentPostprocessing = 0;
		};
/* End PBXFrameworksBuildPhase section */

/* Begin PBXGroup section */
		2291EA620F500BB864FD1799 /* JUCE Modules */ = {
			isa = PBXGroup;
			children = (
				07FF36F1D37F6592EBAF427E,
				44153027F95B0385EA17C6C4,
				5CB3552FB866D8925F1A1FA8,
				8FBF5C8183A6BADC56124E91,
				AB7D582D8D93D4A3970582FE,
				6B07C68830B547824A51D54A,
				7275A829311506F51F505A5A,
				67D6153CD503B6C92D70B16A,
				8D144CB8C75E58497A922AF9,
				19764A8F3FC75D85B54B2D2A,
				A0AB08AB6638FE2E1D529F44,
				A40C50321C456EF94FFE2040,
				6F33C2FE0DA818E7A81178DE,
				737277BDBA41C616679DF233,
			);
			name = "JUCE Modules";
			sourceTree = "<group>";
		};
		2D38DFBEE46FD4A12765276E /* Frameworks */ = {
			isa = PBXGroup;
			children = (
				D6019E96E54EA2C9AE2CA6B2,
				28AA93DD4730AE584362F53A,
				E733C162AE9F4A5607BCC3D5,
				E7C08496EA6ED1687AD8A676,
				50214AB98E8C8A11BE3815B2,
				03603B2DA9CDEB50EBB1F513,
				F4A4B71A8F94942272DF7B1C,
				636355EB3FF18BB72B2CCF99,
				C46BD62AABF21D0EC76963BC,
				CC83D554BC68AE03F4D65844,
				6FEF672E2212206A85AD6307,
				27D6A96B22CC5311570B6465,
			);
			name = Frameworks;
			sourceTree = "<group>";
		};
		62F62ABC0B8F687D90F0852F /* Source */ = {
			isa = PBXGroup;
			children = (
				A0F1548BACCF45B04658876B,
				D817E4EAD5FCFC38AE0BFDC1,
				64138A34358CECEDEC785936,
				4EB4A0359A5CCE31C6099DD1,
			);
			name = Source;
			sourceTree = "<group>";
		};
		70B8AE75CC1C97D19D223399 /* Source */ = {
			isa = PBXGroup;
			children = (
				7CEDBE7009CC1984E882DFEA,
				2291EA620F500BB864FD1799,
				DFFEFB57CEE0B83DD0EED4AC,
				7F5A4F79CDAB2B8E82FD049E,
				2D38DFBEE46FD4A12765276E,
				BE06B55C5FA054C12BF4E410,
			);
			name = Source;
			sourceTree = "<group>";
		};
		7CEDBE7009CC1984E882DFEA /* viator-stereo-widener */ = {
			isa = PBXGroup;
			children = (
				62F62ABC0B8F687D90F0852F,
			);
			name = "viator-stereo-widener";
			sourceTree = "<group>";
		};
		7F5A4F79CDAB2B8E82FD049E /* Resources */ = {
			isa = PBXGroup;
			children = (
				CE2C9E576D96F442C1C79636,
				FA50DDE66B34880EA2B081F2,
				3ED1959544D486F28CC87F9C,
				3E3DDD47C859D2BC0C5140D8,
			);
			name = Resources;
			sourceTree = "<group>";
		};
		BE06B55C5FA054C12BF4E410 /* Products */ = {
			isa = PBXGroup;
			children = (
				963ED97C104A537A5940E10C,
				23010EE6A5E009AED41F4436,
				A8995DDFC8C431738DC46B9F,
				0D3CB514B03438791FF5B3AF,
			);
			name = Products;
			sourceTree = "<group>";
		};
		DFFEFB57CEE0B83DD0EED4AC /* JUCE Library Code */ = {
			isa = PBXGroup;
			children = (
				45C6BD4444B682677FCC9F09,
				818C809255C9AE789EF296B2,
				FCB76715EDCC21AD94910A28,
				9077E8D13C7AA6530D58F3A9,
				046DBC770D70B8EC1DE242C9,
				37E55298D4421E8881B109BC,
				19A22B846CF598C024D64094,
				90A71C0C87CF38AF34326318,
				FDBB7442D657C2BC8A8E5EBE,
				96D8A334A02FB68D2519BADE,
				43AF36F2D4046686ABA0789B,
				ABC66281E3468E6906ADE8DB,
				9134B87A3D9B678A8A2CA623,
				EFC303422888E4DA8D3E3373,
				7C3D0FFCAAD28FD38B36FBCC,
				8235F435B68FAF536071BE08,
				9805FCFB55F92EC2A83A5CFD,
				202D2F6FB4642931DD6711A1,
				23CC71D297C9FA21D5116E4E,
				5292B60A46AEF07547145BDE,
				670FD6BB9117CBCE80873849,
				A75BD1E5AEB7480C04F9B8BB,
				CD453DC724C0AE187661B975,
				7671928B68F57AF96C61B896,
			);
			name = "JUCE Library Code";
			sourceTree = "<group>";
		};
/* End PBXGroup section */

/* Begin PBXNativeTarget section */
		023B3155B1DF909EB5C24B3A /* viator-stereo-widener - VST3 */ = {
			isa = PBXNativeTarget;
			buildConfigurationList = E86B5E2B733F1BD9B35B28AE;
			buildPhases = (
				86305183F780F14C5CC56CD8,
				5693D4C7FF88D77E83BAC708,
				53F2C4842AA3AD0D05B4B732,
			);
			buildRules = (
			);
			dependencies = (
				1E3357EB7A9EF6AFBA70950F,
			);
			name = "viator-stereo-widener - VST3";
			productName = "viator-stereo-widener";
			productReference = 963ED97C104A537A5940E10C;
			productType = "com.apple.product-type.bundle";
		};
		0DB33EB42FDC022A8B550730 /* viator-stereo-widener - Standalone Plugin */ = {
			isa = PBXNativeTarget;
			buildConfigurationList = E209071FECC40E8949EF487B;
			buildPhases = (
				4E503CBF4ECCA4130BE42C5A,
				FB75682E575C20EF4597B256,
				3F5A98A6C296EDBEFC37461A,
			);
			buildRules = (
			);
			dependencies = (
				C1EED8B193F38017A129D47C,
			);
			name = "viator-stereo-widener - Standalone Plugin";
			productName = "viator-stereo-widener";
			productReference = A8995DDFC8C431738DC46B9F;
			productType = "com.apple.product-type.application";
		};
		73B7A7E5A95F53ADA02677B8 /* viator-stereo-widener - Shared Code */ = {
			isa = PBXNativeTarget;
			buildConfigurationList = C6948E729B708D6F6C809888;
			buildPhases = (
				C0189D995762803216F15C7E,
			);
			buildRules = (
			);
			dependencies = (
			);
			name = "viator-stereo-widener - Shared Code";
			productName = "viator-stereo-widener";
			productReference = 0D3CB514B03438791FF5B3AF;
			productType = "com.apple.product-type.library.static";
		};
		B8669AB2367EFF084360E677 /* viator-stereo-widener - AU */ = {
			isa = PBXNativeTarget;
			buildConfigurationList = 77E34CC145E2AFFF8A9FCC93;
			buildPhases = (
				2C87EC6186AEAE574A06C6B3,
				C6959115FA60520F15F13FAE,
				6CC421616D35CD131E73271D,
			);
			buildRules = (
			);
			dependencies = (
				2E270A07B55EFD33260B8441,
			);
			name = "viator-stereo-widener - AU";
			productName = "viator-stereo-widener";
			productReference = 23010EE6A5E009AED41F4436;
			productType = "com.apple.product-type.bundle";
		};
/* End PBXNativeTarget section */

/* Begin PBXProject section */
		6F23B6FCEA67FE978A02D490 = {
			isa = PBXProject;
			attributes = {
				LastUpgradeCheck = 1340;
				ORGANIZATIONNAME = "Viator DSP";
				TargetAttributes = {
					023B3155B1DF909EB5C24B3A = {
						SystemCapabilities = {
							com.apple.ApplicationGroups.iOS = {
								enabled = 0;
							};
							com.apple.HardenedRuntime = {
								enabled = 0;
							};
							com.apple.InAppPurchase = {
								enabled = 0;
							};
							com.apple.InterAppAudio = {
								enabled = 0;
							};
							com.apple.Push = {
								enabled = 0;
							};
							com.apple.Sandbox = {
								enabled = 0;
							};
						};
					};
					0DB33EB42FDC022A8B550730 = {
						SystemCapabilities = {
							com.apple.ApplicationGroups.iOS = {
								enabled = 0;
							};
							com.apple.HardenedRuntime = {
								enabled = 0;
							};
							com.apple.InAppPurchase = {
								enabled = 0;
							};
							com.apple.InterAppAudio = {
								enabled = 0;
							};
							com.apple.Push = {
								enabled = 0;
							};
							com.apple.Sandbox = {
								enabled = 0;
							};
						};
					};
					73B7A7E5A95F53ADA02677B8 = {
						SystemCapabilities = {
							com.apple.ApplicationGroups.iOS = {
								enabled = 0;
							};
							com.apple.HardenedRuntime = {
								enabled = 0;
							};
							com.apple.InAppPurchase = {
								enabled = 0;
							};
							com.apple.InterAppAudio = {
								enabled = 0;
							};
							com.apple.Push = {
								enabled = 0;
							};
							com.apple.Sandbox = {
								enabled = 0;
							};
						};
					};
					B8669AB2367EFF084360E677 = {
						SystemCapabilities = {
							com.apple.ApplicationGroups.iOS = {
								enabled = 0;
							};
							com.apple.HardenedRuntime = {
								enabled = 0;
							};
							com.apple.InAppPurchase = {
								enabled = 0;
							};
							com.apple.InterAppAudio = {
								enabled = 0;
							};
							com.apple.Push = {
								enabled = 0;
							};
							com.apple.Sandbox = {
								enabled = 0;
							};
						};
					};
					B8AE6DA38AE04E359073C04B = {
						SystemCapabilities = {
							com.apple.ApplicationGroups.iOS = {
								enabled = 0;
							};
							com.apple.HardenedRuntime = {
								enabled = 0;
							};
							com.apple.InAppPurchase = {
								enabled = 0;
							};
							com.apple.InterAppAudio = {
								enabled = 0;
							};
							com.apple.Push = {
								enabled = 0;
							};
							com.apple.Sandbox = {
								enabled = 0;
							};
						};
					};
				};
			};
			buildConfigurationList = 801B085872CB9D1ED89C0FE1;
			compatibilityVersion = "Xcode 3.2";
			hasScannedForEncodings = 0;
			knownRegions = (
				en,
				Base,
			);
			mainGroup = 70B8AE75CC1C97D19D223399;
			projectDirPath = "";
			projectRoot = "";
			targets = (
				B8AE6DA38AE04E359073C04B,
				023B3155B1DF909EB5C24B3A,
				B8669AB2367EFF084360E677,
				0DB33EB42FDC022A8B550730,
				73B7A7E5A95F53ADA02677B8,
			);
		};
/* End PBXProject section */

/* Begin PBXResourcesBuildPhase section */
		2C87EC6186AEAE574A06C6B3 = {
			isa = PBXResourcesBuildPhase;
			buildActionMask = 2147483647;
			files = (
				90EFC6D92AEF07F357F87BEA,
			);
			runOnlyForDeploymentPostprocessing = 0;
		};
		4E503CBF4ECCA4130BE42C5A = {
			isa = PBXResourcesBuildPhase;
			buildActionMask = 2147483647;
			files = (
				90EFC6D92AEF07F357F87BEA,
			);
			runOnlyForDeploymentPostprocessing = 0;
		};
		86305183F780F14C5CC56CD8 = {
			isa = PBXResourcesBuildPhase;
			buildActionMask = 2147483647;
			files = (
				90EFC6D92AEF07F357F87BEA,
			);
			runOnlyForDeploymentPostprocessing = 0;
		};
/* End PBXResourcesBuildPhase section */

/* Begin PBXSourcesBuildPhase section */
		5693D4C7FF88D77E83BAC708 = {
			isa = PBXSourcesBuildPhase;
			buildActionMask = 2147483647;
			files = (
				4CC4E088BB65773728AABF3D,
			);
			runOnlyForDeploymentPostprocessing = 0;
		};
		C0189D995762803216F15C7E = {
			isa = PBXSourcesBuildPhase;
			buildActionMask = 2147483647;
			files = (
				0BA1F68F9AB565117BC301B4,
				83120F6EC2CCFEFBFF1F91CF,
				0F5605579E34E4A1314B9F67,
				6A91C3E3201E4ECB99841F30,
				537E6E1DE9A384B55BA24AF3,
				92FB6B0924F9F7BCC9492143,
				9DA1DE36DA156B241FC1FA47,
				518D18ED117C7154C639FB96,
				C6E3D9220E535AE16DD8EEBA,
				77B811D4DB0D7F6ED289899D,
				34A1BD80A84584BBFA1C7BDE,
				072F95F81318EAC1688169FB,
				01494DD6E6E93281AED23BC0,
				8ED9CEABA1FFBF4A4863CCA1,
				690C88698F259BA814DB2FD2,
				45D8A1BB3B9AEB5FB04ED322,
				E9C7C2458FFE394853F98E18,
				28613E94822273B22131ED19,
				F20EB2463739F840C1458A92,
				2F964E77645B06AC6564050F,
			);
			runOnlyForDeploymentPostprocessing = 0;
		};
		C6959115FA60520F15F13FAE = {
			isa = PBXSourcesBuildPhase;
			buildActionMask = 2147483647;
			files = (
				1B411BC1C46C3515AD6347D0,
				801900D2CC4BA330FDAFDBBD,
			);
			runOnlyForDeploymentPostprocessing = 0;
		};
		FB75682E575C20EF4597B256 = {
			isa = PBXSourcesBuildPhase;
			buildActionMask = 2147483647;
			files = (
				EB2D7282A56DF46C0A09BB70,
			);
			runOnlyForDeploymentPostprocessing = 0;
		};
/* End PBXSourcesBuildPhase section */

/* Begin PBXTargetDependency section */
		1E3357EB7A9EF6AFBA70950F = {
			isa = PBXTargetDependency;
			target = 73B7A7E5A95F53ADA02677B8;
		};
		29542BB40288C0175C9D62EE = {
			isa = PBXTargetDependency;
			target = 0DB33EB42FDC022A8B550730;
		};
		2E270A07B55EFD33260B8441 = {
			isa = PBXTargetDependency;
			target = 73B7A7E5A95F53ADA02677B8;
		};
		6EE9A85DA1E642554584E823 = {
			isa = PBXTargetDependency;
			target = B8669AB2367EFF084360E677;
		};
		C1EED8B193F38017A129D47C = {
			isa = PBXTargetDependency;
			target = 73B7A7E5A95F53ADA02677B8;
		};
		E39313BD1161F7D762A69FB7 = {
			isa = PBXTargetDependency;
			target = 73B7A7E5A95F53ADA02677B8;
		};
		EE92D46F8DCDE912D14282E6 = {
			isa = PBXTargetDependency;
			target = 023B3155B1DF909EB5C24B3A;
		};
/* End PBXTargetDependency section */

/* Begin XCBuildConfiguration section */
		0FEFE58670509E1B46C3BEC2 /* Release */ = {
			isa = XCBuildConfiguration;
			buildSettings = {
				CLANG_CXX_LANGUAGE_STANDARD = "c++17";
				CLANG_CXX_LIBRARY = "libc++";
				CLANG_LINK_OBJC_RUNTIME = NO;
				COMBINE_HIDPI_IMAGES = YES;
				CONFIGURATION_BUILD_DIR = "$(PROJECT_DIR)/build/$(CONFIGURATION)";
				DEAD_CODE_STRIPPING = YES;
				EXCLUDED_ARCHS = "";
				GCC_GENERATE_DEBUGGING_SYMBOLS = NO;
				GCC_OPTIMIZATION_LEVEL = 3;
				GCC_PREPROCESSOR_DEFINITIONS = (
					"_NDEBUG=1",
					"NDEBUG=1",
					"JUCE_DISPLAY_SPLASH_SCREEN=0",
					"JUCE_USE_DARK_SPLASH_SCREEN=1",
					"JUCE_PROJUCER_VERSION=0x70005",
					"JUCE_MODULE_AVAILABLE_juce_audio_basics=1",
					"JUCE_MODULE_AVAILABLE_juce_audio_devices=1",
					"JUCE_MODULE_AVAILABLE_juce_audio_formats=1",
					"JUCE_MODULE_AVAILABLE_juce_audio_plugin_client=1",
					"JUCE_MODULE_AVAILABLE_juce_audio_processors=1",
					"JUCE_MODULE_AVAILABLE_juce_audio_utils=1",
					"JUCE_MODULE_AVAILABLE_juce_core=1",
					"JUCE_MODULE_AVAILABLE_juce_data_structures=1",
					"JUCE_MODULE_AVAILABLE_juce_dsp=1",
					"JUCE_MODULE_AVAILABLE_juce_events=1",
					"JUCE_MODULE_AVAILABLE_juce_graphics=1",
					"JUCE_MODULE_AVAILABLE_juce_gui_basics=1",
					"JUCE_MODULE_AVAILABLE_juce_gui_extra=1",
					"JUCE_MODULE_AVAILABLE_viator_modules=1",
					"JUCE_GLOBAL_MODULE_SETTINGS_INCLUDED=1",
					"JUCE_VST3_CAN_REPLACE_VST2=0",
					"JUCE_STRICT_REFCOUNTEDPOINTER=1",
					"JucePlugin_Build_VST=0",
					"JucePlugin_Build_VST3=1",
					"JucePlugin_Build_AU=1",
					"JucePlugin_Build_AUv3=0",
					"JucePlugin_Build_AAX=0",
					"JucePlugin_Build_Standalone=1",
					"JucePlugin_Build_Unity=0",
					"JucePlugin_Build_LV2=0",
					"JucePlugin_Enable_IAA=0",
					"JucePlugin_Enable_ARA=0",
					"JucePlugin_Name=\\\"Stereo\\ Widener\\\"",
					"JucePlugin_Desc=\\\"viator-stereo-widener\\\"",
					"JucePlugin_Manufacturer=\\\"Viator\\ DSP\\\"",
					"JucePlugin_ManufacturerWebsite=\\\"www.ViatorDSP.com\\\"",
					"JucePlugin_ManufacturerEmail=\\\"\\\"",
					"JucePlugin_ManufacturerCode=0x4d616e75",
					"JucePlugin_PluginCode=0x4f6a7077",
					"JucePlugin_IsSynth=0",
					"JucePlugin_WantsMidiInput=0",
					"JucePlugin_ProducesMidiOutput=0",
					"JucePlugin_IsMidiEffect=0",
					"JucePlugin_EditorRequiresKeyboardFocus=0",
					"JucePlugin_Version=1.0.0",
					"JucePlugin_VersionCode=0x10000",
					"JucePlugin_VersionString=\\\"1.0.0\\\"",
					"JucePlugin_VSTUniqueID=JucePlugin_PluginCode",
					"JucePlugin_VSTCategory=kPlugCategEffect",
					"JucePlugin_Vst3Category=\\\"Fx\\\"",
					"JucePlugin_AUMainType=\\'aufx\\'",
					"JucePlugin_AUSubType=JucePlugin_PluginCode",
					"JucePlugin_AUExportPrefix=viatorstereowidenerAU",
					"JucePlugin_AUExportPrefixQuoted=\\\"viatorstereowidenerAU\\\"",
					"JucePlugin_AUManufacturerCode=JucePlugin_ManufacturerCode",
					"JucePlugin_CFBundleIdentifier=com.ViatorDSP.viatorstereowidener",
					"JucePlugin_AAXIdentifier=com.ViatorDSP.viatorstereowidener",
					"JucePlugin_AAXManufacturerCode=JucePlugin_ManufacturerCode",
					"JucePlugin_AAXProductId=JucePlugin_PluginCode",
					"JucePlugin_AAXCategory=0",
					"JucePlugin_AAXDisableBypass=0",
					"JucePlugin_AAXDisableMultiMono=0",
					"JucePlugin_IAAType=0x61757278",
					"JucePlugin_IAASubType=JucePlugin_PluginCode",
					"JucePlugin_IAAName=\\\"Viator\\ DSP:\\ Stereo\\ Widener\\\"",
					"JucePlugin_VSTNumMidiInputs=16",
					"JucePlugin_VSTNumMidiOutputs=16",
					"JucePlugin_ARAContentTypes=0",
					"JucePlugin_ARATransformationFlags=0",
					"JucePlugin_ARAFactoryID=\\\"com.ViatorDSP.viatorstereowidener.factory\\\"",
					"JucePlugin_ARADocumentArchiveID=\\\"com.ViatorDSP.viatorstereowidener.aradocumentarchive.1.0.0\\\"",
					"JucePlugin_ARACompatibleArchiveIDs=\\\"\\\"",
					"JUCE_STANDALONE_APPLICATION=JucePlugin_Build_Standalone",
					"JUCER_XCODE_MAC_F6D2F4CF=1",
					"JUCE_APP_VERSION=1.0.0",
					"JUCE_APP_VERSION_HEX=0x10000",
					"JUCE_SHARED_CODE=1",
				);
				GCC_VERSION = com.apple.compilers.llvm.clang.1_0;
				HEADER_SEARCH_PATHS = (
					"$(SRCROOT)/../../../modules/JUCE/modules/juce_audio_processors/format_types/VST3_SDK",
					"$(SRCROOT)/../../JuceLibraryCode",
					"$(SRCROOT)/../../../modules/JUCE/modules",
					"$(SRCROOT)/../../../modules/viatordsp",
					"$(SRCROOT)/../../../modules/JUCE/modules/juce_audio_plugin_client/AU",
					"$(inherited)",
				);
				INSTALL_PATH = "@executable_path/../Frameworks";
				LLVM_LTO = YES;
				MACOSX_DEPLOYMENT_TARGET = 10.13;
				MTL_HEADER_SEARCH_PATHS = "$(SRCROOT)/../../../modules/JUCE/modules/juce_audio_processors/format_types/VST3_SDK $(SRCROOT)/../../JuceLibraryCode $(SRCROOT)/../../../modules/JUCE/modules $(SRCROOT)/../../../modules/viatordsp $(SRCROOT)/../../../modules/JUCE/modules/juce_audio_plugin_client/AU";
				OTHER_LDFLAGS = "-weak_framework Metal -weak_framework MetalKit";
				PRODUCT_BUNDLE_IDENTIFIER = com.ViatorDSP.viatorstereowidener;
				PRODUCT_NAME = "viator-stereo-widener";
				SKIP_INSTALL = YES;
				USE_HEADERMAP = NO;
				VALID_ARCHS = "i386 x86_64 arm64 arm64e";
			};
			name = Release;
		};
		1F6E2FA87B7E488ECE813DFB /* Release */ = {
			isa = XCBuildConfiguration;
			buildSettings = {
				CLANG_CXX_LANGUAGE_STANDARD = "c++17";
				CLANG_CXX_LIBRARY = "libc++";
				CLANG_LINK_OBJC_RUNTIME = NO;
				COMBINE_HIDPI_IMAGES = YES;
				CONFIGURATION_BUILD_DIR = "$(PROJECT_DIR)/build/$(CONFIGURATION)";
				DEAD_CODE_STRIPPING = YES;
				DEPLOYMENT_LOCATION = YES;
				DSTROOT = /;
				EXCLUDED_ARCHS = "";
				GCC_GENERATE_DEBUGGING_SYMBOLS = NO;
				GCC_OPTIMIZATION_LEVEL = 3;
				GCC_PREPROCESSOR_DEFINITIONS = (
					"_NDEBUG=1",
					"NDEBUG=1",
					"JUCE_DISPLAY_SPLASH_SCREEN=0",
					"JUCE_USE_DARK_SPLASH_SCREEN=1",
					"JUCE_PROJUCER_VERSION=0x70005",
					"JUCE_MODULE_AVAILABLE_juce_audio_basics=1",
					"JUCE_MODULE_AVAILABLE_juce_audio_devices=1",
					"JUCE_MODULE_AVAILABLE_juce_audio_formats=1",
					"JUCE_MODULE_AVAILABLE_juce_audio_plugin_client=1",
					"JUCE_MODULE_AVAILABLE_juce_audio_processors=1",
					"JUCE_MODULE_AVAILABLE_juce_audio_utils=1",
					"JUCE_MODULE_AVAILABLE_juce_core=1",
					"JUCE_MODULE_AVAILABLE_juce_data_structures=1",
					"JUCE_MODULE_AVAILABLE_juce_dsp=1",
					"JUCE_MODULE_AVAILABLE_juce_events=1",
					"JUCE_MODULE_AVAILABLE_juce_graphics=1",
					"JUCE_MODULE_AVAILABLE_juce_gui_basics=1",
					"JUCE_MODULE_AVAILABLE_juce_gui_extra=1",
					"JUCE_MODULE_AVAILABLE_viator_modules=1",
					"JUCE_GLOBAL_MODULE_SETTINGS_INCLUDED=1",
					"JUCE_VST3_CAN_REPLACE_VST2=0",
					"JUCE_STRICT_REFCOUNTEDPOINTER=1",
					"JucePlugin_Build_VST=0",
					"JucePlugin_Build_VST3=1",
					"JucePlugin_Build_AU=0",
					"JucePlugin_Build_AUv3=0",
					"JucePlugin_Build_AAX=0",
					"JucePlugin_Build_Standalone=0",
					"JucePlugin_Build_Unity=0",
					"JucePlugin_Build_LV2=0",
					"JucePlugin_Enable_IAA=0",
					"JucePlugin_Enable_ARA=0",
					"JucePlugin_Name=\\\"Stereo\\ Widener\\\"",
					"JucePlugin_Desc=\\\"viator-stereo-widener\\\"",
					"JucePlugin_Manufacturer=\\\"Viator\\ DSP\\\"",
					"JucePlugin_ManufacturerWebsite=\\\"www.ViatorDSP.com\\\"",
					"JucePlugin_ManufacturerEmail=\\\"\\\"",
					"JucePlugin_ManufacturerCode=0x4d616e75",
					"JucePlugin_PluginCode=0x4f6a7077",
					"JucePlugin_IsSynth=0",
					"JucePlugin_WantsMidiInput=0",
					"JucePlugin_ProducesMidiOutput=0",
					"JucePlugin_IsMidiEffect=0",
					"JucePlugin_EditorRequiresKeyboardFocus=0",
					"JucePlugin_Version=1.0.0",
					"JucePlugin_VersionCode=0x10000",
					"JucePlugin_VersionString=\\\"1.0.0\\\"",
					"JucePlugin_VSTUniqueID=JucePlugin_PluginCode",
					"JucePlugin_VSTCategory=kPlugCategEffect",
					"JucePlugin_Vst3Category=\\\"Fx\\\"",
					"JucePlugin_AUMainType=\\'aufx\\'",
					"JucePlugin_AUSubType=JucePlugin_PluginCode",
					"JucePlugin_AUExportPrefix=viatorstereowidenerAU",
					"JucePlugin_AUExportPrefixQuoted=\\\"viatorstereowidenerAU\\\"",
					"JucePlugin_AUManufacturerCode=JucePlugin_ManufacturerCode",
					"JucePlugin_CFBundleIdentifier=com.ViatorDSP.viatorstereowidener",
					"JucePlugin_AAXIdentifier=com.ViatorDSP.viatorstereowidener",
					"JucePlugin_AAXManufacturerCode=JucePlugin_ManufacturerCode",
					"JucePlugin_AAXProductId=JucePlugin_PluginCode",
					"JucePlugin_AAXCategory=0",
					"JucePlugin_AAXDisableBypass=0",
					"JucePlugin_AAXDisableMultiMono=0",
					"JucePlugin_IAAType=0x61757278",
					"JucePlugin_IAASubType=JucePlugin_PluginCode",
					"JucePlugin_IAAName=\\\"Viator\\ DSP:\\ Stereo\\ Widener\\\"",
					"JucePlugin_VSTNumMidiInputs=16",
					"JucePlugin_VSTNumMidiOutputs=16",
					"JucePlugin_ARAContentTypes=0",
					"JucePlugin_ARATransformationFlags=0",
					"JucePlugin_ARAFactoryID=\\\"com.ViatorDSP.viatorstereowidener.factory\\\"",
					"JucePlugin_ARADocumentArchiveID=\\\"com.ViatorDSP.viatorstereowidener.aradocumentarchive.1.0.0\\\"",
					"JucePlugin_ARACompatibleArchiveIDs=\\\"\\\"",
					"JUCE_STANDALONE_APPLICATION=JucePlugin_Build_Standalone",
					"JUCER_XCODE_MAC_F6D2F4CF=1",
					"JUCE_APP_VERSION=1.0.0",
					"JUCE_APP_VERSION_HEX=0x10000",
				);
				GCC_VERSION = com.apple.compilers.llvm.clang.1_0;
				GENERATE_PKGINFO_FILE = YES;
				HEADER_SEARCH_PATHS = (
					"$(SRCROOT)/../../../modules/JUCE/modules/juce_audio_processors/format_types/VST3_SDK",
					"$(SRCROOT)/../../JuceLibraryCode",
					"$(SRCROOT)/../../../modules/JUCE/modules",
					"$(SRCROOT)/../../../modules/viatordsp",
					"$(SRCROOT)/../../../modules/JUCE/modules/juce_audio_plugin_client/AU",
					"$(inherited)",
				);
				INFOPLIST_FILE = Info-VST3.plist;
				INFOPLIST_PREPROCESS = NO;
				INSTALL_PATH = "$(HOME)/Library/Audio/Plug-Ins/VST3/";
				LIBRARY_STYLE = Bundle;
				LLVM_LTO = YES;
				MACOSX_DEPLOYMENT_TARGET = 10.13;
				MTL_HEADER_SEARCH_PATHS = "$(SRCROOT)/../../../modules/JUCE/modules/juce_audio_processors/format_types/VST3_SDK $(SRCROOT)/../../JuceLibraryCode $(SRCROOT)/../../../modules/JUCE/modules $(SRCROOT)/../../../modules/viatordsp $(SRCROOT)/../../../modules/JUCE/modules/juce_audio_plugin_client/AU";
				OTHER_LDFLAGS = "-bundle -lviator-stereo-widener -weak_framework Metal -weak_framework MetalKit";
				PRODUCT_BUNDLE_IDENTIFIER = com.ViatorDSP.viatorstereowidener;
				PRODUCT_NAME = "viator-stereo-widener";
				USE_HEADERMAP = NO;
				VALID_ARCHS = "i386 x86_64 arm64 arm64e";
				WRAPPER_EXTENSION = vst3;
			};
			name = Release;
		};
		40FF3973E765193B11841BFA /* Debug */ = {
			isa = XCBuildConfiguration;
			buildSettings = {
				CLANG_CXX_LANGUAGE_STANDARD = "c++17";
				CLANG_CXX_LIBRARY = "libc++";
				CLANG_LINK_OBJC_RUNTIME = NO;
				COMBINE_HIDPI_IMAGES = YES;
				CONFIGURATION_BUILD_DIR = "$(PROJECT_DIR)/build/$(CONFIGURATION)";
				COPY_PHASE_STRIP = NO;
				EXCLUDED_ARCHS = "";
				GCC_DYNAMIC_NO_PIC = NO;
				GCC_OPTIMIZATION_LEVEL = 0;
				GCC_PREPROCESSOR_DEFINITIONS = (
					"_DEBUG=1",
					"DEBUG=1",
					"JUCE_DISPLAY_SPLASH_SCREEN=0",
					"JUCE_USE_DARK_SPLASH_SCREEN=1",
					"JUCE_PROJUCER_VERSION=0x70005",
					"JUCE_MODULE_AVAILABLE_juce_audio_basics=1",
					"JUCE_MODULE_AVAILABLE_juce_audio_devices=1",
					"JUCE_MODULE_AVAILABLE_juce_audio_formats=1",
					"JUCE_MODULE_AVAILABLE_juce_audio_plugin_client=1",
					"JUCE_MODULE_AVAILABLE_juce_audio_processors=1",
					"JUCE_MODULE_AVAILABLE_juce_audio_utils=1",
					"JUCE_MODULE_AVAILABLE_juce_core=1",
					"JUCE_MODULE_AVAILABLE_juce_data_structures=1",
					"JUCE_MODULE_AVAILABLE_juce_dsp=1",
					"JUCE_MODULE_AVAILABLE_juce_events=1",
					"JUCE_MODULE_AVAILABLE_juce_graphics=1",
					"JUCE_MODULE_AVAILABLE_juce_gui_basics=1",
					"JUCE_MODULE_AVAILABLE_juce_gui_extra=1",
					"JUCE_MODULE_AVAILABLE_viator_modules=1",
					"JUCE_GLOBAL_MODULE_SETTINGS_INCLUDED=1",
					"JUCE_VST3_CAN_REPLACE_VST2=0",
					"JUCE_STRICT_REFCOUNTEDPOINTER=1",
					"JucePlugin_Build_VST=0",
					"JucePlugin_Build_VST3=0",
					"JucePlugin_Build_AU=0",
					"JucePlugin_Build_AUv3=0",
					"JucePlugin_Build_AAX=0",
					"JucePlugin_Build_Standalone=1",
					"JucePlugin_Build_Unity=0",
					"JucePlugin_Build_LV2=0",
					"JucePlugin_Enable_IAA=0",
					"JucePlugin_Enable_ARA=0",
					"JucePlugin_Name=\\\"Stereo\\ Widener\\\"",
					"JucePlugin_Desc=\\\"viator-stereo-widener\\\"",
					"JucePlugin_Manufacturer=\\\"Viator\\ DSP\\\"",
					"JucePlugin_ManufacturerWebsite=\\\"www.ViatorDSP.com\\\"",
					"JucePlugin_ManufacturerEmail=\\\"\\\"",
					"JucePlugin_ManufacturerCode=0x4d616e75",
					"JucePlugin_PluginCode=0x4f6a7077",
					"JucePlugin_IsSynth=0",
					"JucePlugin_WantsMidiInput=0",
					"JucePlugin_ProducesMidiOutput=0",
					"JucePlugin_IsMidiEffect=0",
					"JucePlugin_EditorRequiresKeyboardFocus=0",
					"JucePlugin_Version=1.0.0",
					"JucePlugin_VersionCode=0x10000",
					"JucePlugin_VersionString=\\\"1.0.0\\\"",
					"JucePlugin_VSTUniqueID=JucePlugin_PluginCode",
					"JucePlugin_VSTCategory=kPlugCategEffect",
					"JucePlugin_Vst3Category=\\\"Fx\\\"",
					"JucePlugin_AUMainType=\\'aufx\\'",
					"JucePlugin_AUSubType=JucePlugin_PluginCode",
					"JucePlugin_AUExportPrefix=viatorstereowidenerAU",
					"JucePlugin_AUExportPrefixQuoted=\\\"viatorstereowidenerAU\\\"",
					"JucePlugin_AUManufacturerCode=JucePlugin_ManufacturerCode",
					"JucePlugin_CFBundleIdentifier=com.ViatorDSP.viatorstereowidener",
					"JucePlugin_AAXIdentifier=com.ViatorDSP.viatorstereowidener",
					"JucePlugin_AAXManufacturerCode=JucePlugin_ManufacturerCode",
					"JucePlugin_AAXProductId=JucePlugin_PluginCode",
					"JucePlugin_AAXCategory=0",
					"JucePlugin_AAXDisableBypass=0",
					"JucePlugin_AAXDisableMultiMono=0",
					"JucePlugin_IAAType=0x61757278",
					"JucePlugin_IAASubType=JucePlugin_PluginCode",
					"JucePlugin_IAAName=\\\"Viator\\ DSP:\\ Stereo\\ Widener\\\"",
					"JucePlugin_VSTNumMidiInputs=16",
					"JucePlugin_VSTNumMidiOutputs=16",
					"JucePlugin_ARAContentTypes=0",
					"JucePlugin_ARATransformationFlags=0",
					"JucePlugin_ARAFactoryID=\\\"com.ViatorDSP.viatorstereowidener.factory\\\"",
					"JucePlugin_ARADocumentArchiveID=\\\"com.ViatorDSP.viatorstereowidener.aradocumentarchive.1.0.0\\\"",
					"JucePlugin_ARACompatibleArchiveIDs=\\\"\\\"",
					"JUCE_STANDALONE_APPLICATION=JucePlugin_Build_Standalone",
					"JUCER_XCODE_MAC_F6D2F4CF=1",
					"JUCE_APP_VERSION=1.0.0",
					"JUCE_APP_VERSION_HEX=0x10000",
				);
				GCC_VERSION = com.apple.compilers.llvm.clang.1_0;
				HEADER_SEARCH_PATHS = (
					"$(SRCROOT)/../../../modules/JUCE/modules/juce_audio_processors/format_types/VST3_SDK",
					"$(SRCROOT)/../../JuceLibraryCode",
					"$(SRCROOT)/../../../modules/JUCE/modules",
					"$(SRCROOT)/../../../modules/viatordsp",
					"$(SRCROOT)/../../../modules/JUCE/modules/juce_audio_plugin_client/AU",
					"$(inherited)",
				);
				INFOPLIST_FILE = Info-Standalone_Plugin.plist;
				INFOPLIST_PREPROCESS = NO;
				MACOSX_DEPLOYMENT_TARGET = 10.13;
				MTL_HEADER_SEARCH_PATHS = "$(SRCROOT)/../../../modules/JUCE/modules/juce_audio_processors/format_types/VST3_SDK $(SRCROOT)/../../JuceLibraryCode $(SRCROOT)/../../../modules/JUCE/modules $(SRCROOT)/../../../modules/viatordsp $(SRCROOT)/../../../modules/JUCE/modules/juce_audio_plugin_client/AU";
				OTHER_LDFLAGS = "-lviator-stereo-widener -weak_framework Metal -weak_framework MetalKit";
				PRODUCT_BUNDLE_IDENTIFIER = com.ViatorDSP.viatorstereowidener;
				PRODUCT_NAME = "viator-stereo-widener";
				USE_HEADERMAP = NO;
				VALID_ARCHS = "i386 x86_64 arm64 arm64e";
			};
			name = Debug;
		};
		505352EDC6188807BD6FFCB6 /* Debug */ = {
			isa = XCBuildConfiguration;
			buildSettings = {
				CLANG_CXX_LANGUAGE_STANDARD = "c++17";
				CLANG_CXX_LIBRARY = "libc++";
				CLANG_LINK_OBJC_RUNTIME = NO;
				COMBINE_HIDPI_IMAGES = YES;
				CONFIGURATION_BUILD_DIR = "$(PROJECT_DIR)/build/$(CONFIGURATION)";
				COPY_PHASE_STRIP = NO;
				DEPLOYMENT_LOCATION = YES;
				DSTROOT = /;
				EXCLUDED_ARCHS = "";
				GCC_DYNAMIC_NO_PIC = NO;
				GCC_OPTIMIZATION_LEVEL = 0;
				GCC_PREPROCESSOR_DEFINITIONS = (
					"_DEBUG=1",
					"DEBUG=1",
					"JUCE_DISPLAY_SPLASH_SCREEN=0",
					"JUCE_USE_DARK_SPLASH_SCREEN=1",
					"JUCE_PROJUCER_VERSION=0x70005",
					"JUCE_MODULE_AVAILABLE_juce_audio_basics=1",
					"JUCE_MODULE_AVAILABLE_juce_audio_devices=1",
					"JUCE_MODULE_AVAILABLE_juce_audio_formats=1",
					"JUCE_MODULE_AVAILABLE_juce_audio_plugin_client=1",
					"JUCE_MODULE_AVAILABLE_juce_audio_processors=1",
					"JUCE_MODULE_AVAILABLE_juce_audio_utils=1",
					"JUCE_MODULE_AVAILABLE_juce_core=1",
					"JUCE_MODULE_AVAILABLE_juce_data_structures=1",
					"JUCE_MODULE_AVAILABLE_juce_dsp=1",
					"JUCE_MODULE_AVAILABLE_juce_events=1",
					"JUCE_MODULE_AVAILABLE_juce_graphics=1",
					"JUCE_MODULE_AVAILABLE_juce_gui_basics=1",
					"JUCE_MODULE_AVAILABLE_juce_gui_extra=1",
					"JUCE_MODULE_AVAILABLE_viator_modules=1",
					"JUCE_GLOBAL_MODULE_SETTINGS_INCLUDED=1",
					"JUCE_VST3_CAN_REPLACE_VST2=0",
					"JUCE_STRICT_REFCOUNTEDPOINTER=1",
					"JucePlugin_Build_VST=0",
					"JucePlugin_Build_VST3=0",
					"JucePlugin_Build_AU=1",
					"JucePlugin_Build_AUv3=0",
					"JucePlugin_Build_AAX=0",
					"JucePlugin_Build_Standalone=0",
					"JucePlugin_Build_Unity=0",
					"JucePlugin_Build_LV2=0",
					"JucePlugin_Enable_IAA=0",
					"JucePlugin_Enable_ARA=0",
					"JucePlugin_Name=\\\"Stereo\\ Widener\\\"",
					"JucePlugin_Desc=\\\"viator-stereo-widener\\\"",
					"JucePlugin_Manufacturer=\\\"Viator\\ DSP\\\"",
					"JucePlugin_ManufacturerWebsite=\\\"www.ViatorDSP.com\\\"",
					"JucePlugin_ManufacturerEmail=\\\"\\\"",
					"JucePlugin_ManufacturerCode=0x4d616e75",
					"JucePlugin_PluginCode=0x4f6a7077",
					"JucePlugin_IsSynth=0",
					"JucePlugin_WantsMidiInput=0",
					"JucePlugin_ProducesMidiOutput=0",
					"JucePlugin_IsMidiEffect=0",
					"JucePlugin_EditorRequiresKeyboardFocus=0",
					"JucePlugin_Version=1.0.0",
					"JucePlugin_VersionCode=0x10000",
					"JucePlugin_VersionString=\\\"1.0.0\\\"",
					"JucePlugin_VSTUniqueID=JucePlugin_PluginCode",
					"JucePlugin_VSTCategory=kPlugCategEffect",
					"JucePlugin_Vst3Category=\\\"Fx\\\"",
					"JucePlugin_AUMainType=\\'aufx\\'",
					"JucePlugin_AUSubType=JucePlugin_PluginCode",
					"JucePlugin_AUExportPrefix=viatorstereowidenerAU",
					"JucePlugin_AUExportPrefixQuoted=\\\"viatorstereowidenerAU\\\"",
					"JucePlugin_AUManufacturerCode=JucePlugin_ManufacturerCode",
					"JucePlugin_CFBundleIdentifier=com.ViatorDSP.viatorstereowidener",
					"JucePlugin_AAXIdentifier=com.ViatorDSP.viatorstereowidener",
					"JucePlugin_AAXManufacturerCode=JucePlugin_ManufacturerCode",
					"JucePlugin_AAXProductId=JucePlugin_PluginCode",
					"JucePlugin_AAXCategory=0",
					"JucePlugin_AAXDisableBypass=0",
					"JucePlugin_AAXDisableMultiMono=0",
					"JucePlugin_IAAType=0x61757278",
					"JucePlugin_IAASubType=JucePlugin_PluginCode",
					"JucePlugin_IAAName=\\\"Viator\\ DSP:\\ Stereo\\ Widener\\\"",
					"JucePlugin_VSTNumMidiInputs=16",
					"JucePlugin_VSTNumMidiOutputs=16",
					"JucePlugin_ARAContentTypes=0",
					"JucePlugin_ARATransformationFlags=0",
					"JucePlugin_ARAFactoryID=\\\"com.ViatorDSP.viatorstereowidener.factory\\\"",
					"JucePlugin_ARADocumentArchiveID=\\\"com.ViatorDSP.viatorstereowidener.aradocumentarchive.1.0.0\\\"",
					"JucePlugin_ARACompatibleArchiveIDs=\\\"\\\"",
					"JUCE_STANDALONE_APPLICATION=JucePlugin_Build_Standalone",
					"JUCER_XCODE_MAC_F6D2F4CF=1",
					"JUCE_APP_VERSION=1.0.0",
					"JUCE_APP_VERSION_HEX=0x10000",
				);
				GCC_VERSION = com.apple.compilers.llvm.clang.1_0;
				GENERATE_PKGINFO_FILE = YES;
				HEADER_SEARCH_PATHS = (
					"$(SRCROOT)/../../../modules/JUCE/modules/juce_audio_processors/format_types/VST3_SDK",
					"$(SRCROOT)/../../JuceLibraryCode",
					"$(SRCROOT)/../../../modules/JUCE/modules",
					"$(SRCROOT)/../../../modules/viatordsp",
					"$(SRCROOT)/../../../modules/JUCE/modules/juce_audio_plugin_client/AU",
					"$(inherited)",
				);
				INFOPLIST_FILE = Info-AU.plist;
				INFOPLIST_PREPROCESS = NO;
				INSTALL_PATH = "$(HOME)/Library/Audio/Plug-Ins/Components/";
				LIBRARY_STYLE = Bundle;
				MACOSX_DEPLOYMENT_TARGET = 10.13;
				MTL_HEADER_SEARCH_PATHS = "$(SRCROOT)/../../../modules/JUCE/modules/juce_audio_processors/format_types/VST3_SDK $(SRCROOT)/../../JuceLibraryCode $(SRCROOT)/../../../modules/JUCE/modules $(SRCROOT)/../../../modules/viatordsp $(SRCROOT)/../../../modules/JUCE/modules/juce_audio_plugin_client/AU";
				OTHER_LDFLAGS = "-bundle -lviator-stereo-widener -weak_framework Metal -weak_framework MetalKit";
				OTHER_REZFLAGS = "-d ppc_$ppc -d i386_$i386 -d ppc64_$ppc64 -d x86_64_$x86_64 -d arm64_$arm64 -I /System/Library/Frameworks/CoreServices.framework/Frameworks/CarbonCore.framework/Versions/A/Headers -I \"$(DEVELOPER_DIR)/Extras/CoreAudio/AudioUnits/AUPublic/AUBase\" -I \"$(DEVELOPER_DIR)/Platforms/MacOSX.platform/Developer/SDKs/MacOSX.sdk/System/Library/Frameworks/AudioUnit.framework/Headers\"";
				PRODUCT_BUNDLE_IDENTIFIER = com.ViatorDSP.viatorstereowidener;
				PRODUCT_NAME = "viator-stereo-widener";
				USE_HEADERMAP = NO;
				VALID_ARCHS = "i386 x86_64 arm64 arm64e";
				WRAPPER_EXTENSION = component;
			};
			name = Debug;
		};
		6AC5F8713BB48AFD1B6E38E6 /* Debug */ = {
			isa = XCBuildConfiguration;
			buildSettings = {
				CLANG_CXX_LANGUAGE_STANDARD = "c++17";
				CLANG_CXX_LIBRARY = "libc++";
				CLANG_LINK_OBJC_RUNTIME = NO;
				COMBINE_HIDPI_IMAGES = YES;
				CONFIGURATION_BUILD_DIR = "$(PROJECT_DIR)/build/$(CONFIGURATION)";
				COPY_PHASE_STRIP = NO;
				DEPLOYMENT_LOCATION = YES;
				DSTROOT = /;
				EXCLUDED_ARCHS = "";
				GCC_DYNAMIC_NO_PIC = NO;
				GCC_OPTIMIZATION_LEVEL = 0;
				GCC_PREPROCESSOR_DEFINITIONS = (
					"_DEBUG=1",
					"DEBUG=1",
					"JUCE_DISPLAY_SPLASH_SCREEN=0",
					"JUCE_USE_DARK_SPLASH_SCREEN=1",
					"JUCE_PROJUCER_VERSION=0x70005",
					"JUCE_MODULE_AVAILABLE_juce_audio_basics=1",
					"JUCE_MODULE_AVAILABLE_juce_audio_devices=1",
					"JUCE_MODULE_AVAILABLE_juce_audio_formats=1",
					"JUCE_MODULE_AVAILABLE_juce_audio_plugin_client=1",
					"JUCE_MODULE_AVAILABLE_juce_audio_processors=1",
					"JUCE_MODULE_AVAILABLE_juce_audio_utils=1",
					"JUCE_MODULE_AVAILABLE_juce_core=1",
					"JUCE_MODULE_AVAILABLE_juce_data_structures=1",
					"JUCE_MODULE_AVAILABLE_juce_dsp=1",
					"JUCE_MODULE_AVAILABLE_juce_events=1",
					"JUCE_MODULE_AVAILABLE_juce_graphics=1",
					"JUCE_MODULE_AVAILABLE_juce_gui_basics=1",
					"JUCE_MODULE_AVAILABLE_juce_gui_extra=1",
					"JUCE_MODULE_AVAILABLE_viator_modules=1",
					"JUCE_GLOBAL_MODULE_SETTINGS_INCLUDED=1",
					"JUCE_VST3_CAN_REPLACE_VST2=0",
					"JUCE_STRICT_REFCOUNTEDPOINTER=1",
					"JucePlugin_Build_VST=0",
					"JucePlugin_Build_VST3=1",
					"JucePlugin_Build_AU=0",
					"JucePlugin_Build_AUv3=0",
					"JucePlugin_Build_AAX=0",
					"JucePlugin_Build_Standalone=0",
					"JucePlugin_Build_Unity=0",
					"JucePlugin_Build_LV2=0",
					"JucePlugin_Enable_IAA=0",
					"JucePlugin_Enable_ARA=0",
					"JucePlugin_Name=\\\"Stereo\\ Widener\\\"",
					"JucePlugin_Desc=\\\"viator-stereo-widener\\\"",
					"JucePlugin_Manufacturer=\\\"Viator\\ DSP\\\"",
					"JucePlugin_ManufacturerWebsite=\\\"www.ViatorDSP.com\\\"",
					"JucePlugin_ManufacturerEmail=\\\"\\\"",
					"JucePlugin_ManufacturerCode=0x4d616e75",
					"JucePlugin_PluginCode=0x4f6a7077",
					"JucePlugin_IsSynth=0",
					"JucePlugin_WantsMidiInput=0",
					"JucePlugin_ProducesMidiOutput=0",
					"JucePlugin_IsMidiEffect=0",
					"JucePlugin_EditorRequiresKeyboardFocus=0",
					"JucePlugin_Version=1.0.0",
					"JucePlugin_VersionCode=0x10000",
					"JucePlugin_VersionString=\\\"1.0.0\\\"",
					"JucePlugin_VSTUniqueID=JucePlugin_PluginCode",
					"JucePlugin_VSTCategory=kPlugCategEffect",
					"JucePlugin_Vst3Category=\\\"Fx\\\"",
					"JucePlugin_AUMainType=\\'aufx\\'",
					"JucePlugin_AUSubType=JucePlugin_PluginCode",
					"JucePlugin_AUExportPrefix=viatorstereowidenerAU",
					"JucePlugin_AUExportPrefixQuoted=\\\"viatorstereowidenerAU\\\"",
					"JucePlugin_AUManufacturerCode=JucePlugin_ManufacturerCode",
					"JucePlugin_CFBundleIdentifier=com.ViatorDSP.viatorstereowidener",
					"JucePlugin_AAXIdentifier=com.ViatorDSP.viatorstereowidener",
					"JucePlugin_AAXManufacturerCode=JucePlugin_ManufacturerCode",
					"JucePlugin_AAXProductId=JucePlugin_PluginCode",
					"JucePlugin_AAXCategory=0",
					"JucePlugin_AAXDisableBypass=0",
					"JucePlugin_AAXDisableMultiMono=0",
					"JucePlugin_IAAType=0x61757278",
					"JucePlugin_IAASubType=JucePlugin_PluginCode",
					"JucePlugin_IAAName=\\\"Viator\\ DSP:\\ Stereo\\ Widener\\\"",
					"JucePlugin_VSTNumMidiInputs=16",
					"JucePlugin_VSTNumMidiOutputs=16",
					"JucePlugin_ARAContentTypes=0",
					"JucePlugin_ARATransformationFlags=0",
					"JucePlugin_ARAFactoryID=\\\"com.ViatorDSP.viatorstereowidener.factory\\\"",
					"JucePlugin_ARADocumentArchiveID=\\\"com.ViatorDSP.viatorstereowidener.aradocumentarchive.1.0.0\\\"",
					"JucePlugin_ARACompatibleArchiveIDs=\\\"\\\"",
					"JUCE_STANDALONE_APPLICATION=JucePlugin_Build_Standalone",
					"JUCER_XCODE_MAC_F6D2F4CF=1",
					"JUCE_APP_VERSION=1.0.0",
					"JUCE_APP_VERSION_HEX=0x10000",
				);
				GCC_VERSION = com.apple.compilers.llvm.clang.1_0;
				GENERATE_PKGINFO_FILE = YES;
				HEADER_SEARCH_PATHS = (
					"$(SRCROOT)/../../../modules/JUCE/modules/juce_audio_processors/format_types/VST3_SDK",
					"$(SRCROOT)/../../JuceLibraryCode",
					"$(SRCROOT)/../../../modules/JUCE/modules",
					"$(SRCROOT)/../../../modules/viatordsp",
					"$(SRCROOT)/../../../modules/JUCE/modules/juce_audio_plugin_client/AU",
					"$(inherited)",
				);
				INFOPLIST_FILE = Info-VST3.plist;
				INFOPLIST_PREPROCESS = NO;
				INSTALL_PATH = "$(HOME)/Library/Audio/Plug-Ins/VST3/";
				LIBRARY_STYLE = Bundle;
				MACOSX_DEPLOYMENT_TARGET = 10.13;
				MTL_HEADER_SEARCH_PATHS = "$(SRCROOT)/../../../modules/JUCE/modules/juce_audio_processors/format_types/VST3_SDK $(SRCROOT)/../../JuceLibraryCode $(SRCROOT)/../../../modules/JUCE/modules $(SRCROOT)/../../../modules/viatordsp $(SRCROOT)/../../../modules/JUCE/modules/juce_audio_plugin_client/AU";
				OTHER_LDFLAGS = "-bundle -lviator-stereo-widener -weak_framework Metal -weak_framework MetalKit";
				PRODUCT_BUNDLE_IDENTIFIER = com.ViatorDSP.viatorstereowidener;
				PRODUCT_NAME = "viator-stereo-widener";
				USE_HEADERMAP = NO;
				VALID_ARCHS = "i386 x86_64 arm64 arm64e";
				WRAPPER_EXTENSION = vst3;
			};
			name = Debug;
		};
		75D1FB9397EC925D5EC7AC35 /* Release */ = {
			isa = XCBuildConfiguration;
			buildSettings = {
				CLANG_CXX_LANGUAGE_STANDARD = "c++17";
				CLANG_CXX_LIBRARY = "libc++";
				CLANG_LINK_OBJC_RUNTIME = NO;
				COMBINE_HIDPI_IMAGES = YES;
				CONFIGURATION_BUILD_DIR = "$(PROJECT_DIR)/build/$(CONFIGURATION)";
				DEAD_CODE_STRIPPING = YES;
				EXCLUDED_ARCHS = "";
				GCC_GENERATE_DEBUGGING_SYMBOLS = NO;
				GCC_OPTIMIZATION_LEVEL = 3;
				GCC_PREPROCESSOR_DEFINITIONS = (
					"_NDEBUG=1",
					"NDEBUG=1",
					"JUCE_DISPLAY_SPLASH_SCREEN=0",
					"JUCE_USE_DARK_SPLASH_SCREEN=1",
					"JUCE_PROJUCER_VERSION=0x70005",
					"JUCE_MODULE_AVAILABLE_juce_audio_basics=1",
					"JUCE_MODULE_AVAILABLE_juce_audio_devices=1",
					"JUCE_MODULE_AVAILABLE_juce_audio_formats=1",
					"JUCE_MODULE_AVAILABLE_juce_audio_plugin_client=1",
					"JUCE_MODULE_AVAILABLE_juce_audio_processors=1",
					"JUCE_MODULE_AVAILABLE_juce_audio_utils=1",
					"JUCE_MODULE_AVAILABLE_juce_core=1",
					"JUCE_MODULE_AVAILABLE_juce_data_structures=1",
					"JUCE_MODULE_AVAILABLE_juce_dsp=1",
					"JUCE_MODULE_AVAILABLE_juce_events=1",
					"JUCE_MODULE_AVAILABLE_juce_graphics=1",
					"JUCE_MODULE_AVAILABLE_juce_gui_basics=1",
					"JUCE_MODULE_AVAILABLE_juce_gui_extra=1",
					"JUCE_MODULE_AVAILABLE_viator_modules=1",
					"JUCE_GLOBAL_MODULE_SETTINGS_INCLUDED=1",
					"JUCE_VST3_CAN_REPLACE_VST2=0",
					"JUCE_STRICT_REFCOUNTEDPOINTER=1",
					"JucePlugin_Build_VST=0",
					"JucePlugin_Build_VST3=0",
					"JucePlugin_Build_AU=0",
					"JucePlugin_Build_AUv3=0",
					"JucePlugin_Build_AAX=0",
					"JucePlugin_Build_Standalone=1",
					"JucePlugin_Build_Unity=0",
					"JucePlugin_Build_LV2=0",
					"JucePlugin_Enable_IAA=0",
					"JucePlugin_Enable_ARA=0",
					"JucePlugin_Name=\\\"Stereo\\ Widener\\\"",
					"JucePlugin_Desc=\\\"viator-stereo-widener\\\"",
					"JucePlugin_Manufacturer=\\\"Viator\\ DSP\\\"",
					"JucePlugin_ManufacturerWebsite=\\\"www.ViatorDSP.com\\\"",
					"JucePlugin_ManufacturerEmail=\\\"\\\"",
					"JucePlugin_ManufacturerCode=0x4d616e75",
					"JucePlugin_PluginCode=0x4f6a7077",
					"JucePlugin_IsSynth=0",
					"JucePlugin_WantsMidiInput=0",
					"JucePlugin_ProducesMidiOutput=0",
					"JucePlugin_IsMidiEffect=0",
					"JucePlugin_EditorRequiresKeyboardFocus=0",
					"JucePlugin_Version=1.0.0",
					"JucePlugin_VersionCode=0x10000",
					"JucePlugin_VersionString=\\\"1.0.0\\\"",
					"JucePlugin_VSTUniqueID=JucePlugin_PluginCode",
					"JucePlugin_VSTCategory=kPlugCategEffect",
					"JucePlugin_Vst3Category=\\\"Fx\\\"",
					"JucePlugin_AUMainType=\\'aufx\\'",
					"JucePlugin_AUSubType=JucePlugin_PluginCode",
					"JucePlugin_AUExportPrefix=viatorstereowidenerAU",
					"JucePlugin_AUExportPrefixQuoted=\\\"viatorstereowidenerAU\\\"",
					"JucePlugin_AUManufacturerCode=JucePlugin_ManufacturerCode",
					"JucePlugin_CFBundleIdentifier=com.ViatorDSP.viatorstereowidener",
					"JucePlugin_AAXIdentifier=com.ViatorDSP.viatorstereowidener",
					"JucePlugin_AAXManufacturerCode=JucePlugin_ManufacturerCode",
					"JucePlugin_AAXProductId=JucePlugin_PluginCode",
					"JucePlugin_AAXCategory=0",
					"JucePlugin_AAXDisableBypass=0",
					"JucePlugin_AAXDisableMultiMono=0",
					"JucePlugin_IAAType=0x61757278",
					"JucePlugin_IAASubType=JucePlugin_PluginCode",
					"JucePlugin_IAAName=\\\"Viator\\ DSP:\\ Stereo\\ Widener\\\"",
					"JucePlugin_VSTNumMidiInputs=16",
					"JucePlugin_VSTNumMidiOutputs=16",
					"JucePlugin_ARAContentTypes=0",
					"JucePlugin_ARATransformationFlags=0",
					"JucePlugin_ARAFactoryID=\\\"com.ViatorDSP.viatorstereowidener.factory\\\"",
					"JucePlugin_ARADocumentArchiveID=\\\"com.ViatorDSP.viatorstereowidener.aradocumentarchive.1.0.0\\\"",
					"JucePlugin_ARACompatibleArchiveIDs=\\\"\\\"",
					"JUCE_STANDALONE_APPLICATION=JucePlugin_Build_Standalone",
					"JUCER_XCODE_MAC_F6D2F4CF=1",
					"JUCE_APP_VERSION=1.0.0",
					"JUCE_APP_VERSION_HEX=0x10000",
				);
				GCC_VERSION = com.apple.compilers.llvm.clang.1_0;
				HEADER_SEARCH_PATHS = (
					"$(SRCROOT)/../../../modules/JUCE/modules/juce_audio_processors/format_types/VST3_SDK",
					"$(SRCROOT)/../../JuceLibraryCode",
					"$(SRCROOT)/../../../modules/JUCE/modules",
					"$(SRCROOT)/../../../modules/viatordsp",
					"$(SRCROOT)/../../../modules/JUCE/modules/juce_audio_plugin_client/AU",
					"$(inherited)",
				);
				INFOPLIST_FILE = Info-Standalone_Plugin.plist;
				INFOPLIST_PREPROCESS = NO;
				LLVM_LTO = YES;
				MACOSX_DEPLOYMENT_TARGET = 10.13;
				MTL_HEADER_SEARCH_PATHS = "$(SRCROOT)/../../../modules/JUCE/modules/juce_audio_processors/format_types/VST3_SDK $(SRCROOT)/../../JuceLibraryCode $(SRCROOT)/../../../modules/JUCE/modules $(SRCROOT)/../../../modules/viatordsp $(SRCROOT)/../../../modules/JUCE/modules/juce_audio_plugin_client/AU";
				OTHER_LDFLAGS = "-lviator-stereo-widener -weak_framework Metal -weak_framework MetalKit";
				PRODUCT_BUNDLE_IDENTIFIER = com.ViatorDSP.viatorstereowidener;
				PRODUCT_NAME = "viator-stereo-widener";
				USE_HEADERMAP = NO;
				VALID_ARCHS = "i386 x86_64 arm64 arm64e";
			};
			name = Release;
		};
		8890117E3C9984C72CD20642 /* Release */ = {
			isa = XCBuildConfiguration;
			buildSettings = {
				CLANG_CXX_LANGUAGE_STANDARD = "c++17";
				CLANG_CXX_LIBRARY = "libc++";
				CLANG_LINK_OBJC_RUNTIME = NO;
				COMBINE_HIDPI_IMAGES = YES;
				CONFIGURATION_BUILD_DIR = "$(PROJECT_DIR)/build/$(CONFIGURATION)";
				DEAD_CODE_STRIPPING = YES;
				DEPLOYMENT_LOCATION = YES;
				DSTROOT = /;
				EXCLUDED_ARCHS = "";
				GCC_GENERATE_DEBUGGING_SYMBOLS = NO;
				GCC_OPTIMIZATION_LEVEL = 3;
				GCC_PREPROCESSOR_DEFINITIONS = (
					"_NDEBUG=1",
					"NDEBUG=1",
					"JUCE_DISPLAY_SPLASH_SCREEN=0",
					"JUCE_USE_DARK_SPLASH_SCREEN=1",
					"JUCE_PROJUCER_VERSION=0x70005",
					"JUCE_MODULE_AVAILABLE_juce_audio_basics=1",
					"JUCE_MODULE_AVAILABLE_juce_audio_devices=1",
					"JUCE_MODULE_AVAILABLE_juce_audio_formats=1",
					"JUCE_MODULE_AVAILABLE_juce_audio_plugin_client=1",
					"JUCE_MODULE_AVAILABLE_juce_audio_processors=1",
					"JUCE_MODULE_AVAILABLE_juce_audio_utils=1",
					"JUCE_MODULE_AVAILABLE_juce_core=1",
					"JUCE_MODULE_AVAILABLE_juce_data_structures=1",
					"JUCE_MODULE_AVAILABLE_juce_dsp=1",
					"JUCE_MODULE_AVAILABLE_juce_events=1",
					"JUCE_MODULE_AVAILABLE_juce_graphics=1",
					"JUCE_MODULE_AVAILABLE_juce_gui_basics=1",
					"JUCE_MODULE_AVAILABLE_juce_gui_extra=1",
					"JUCE_MODULE_AVAILABLE_viator_modules=1",
					"JUCE_GLOBAL_MODULE_SETTINGS_INCLUDED=1",
					"JUCE_VST3_CAN_REPLACE_VST2=0",
					"JUCE_STRICT_REFCOUNTEDPOINTER=1",
					"JucePlugin_Build_VST=0",
					"JucePlugin_Build_VST3=0",
					"JucePlugin_Build_AU=1",
					"JucePlugin_Build_AUv3=0",
					"JucePlugin_Build_AAX=0",
					"JucePlugin_Build_Standalone=0",
					"JucePlugin_Build_Unity=0",
					"JucePlugin_Build_LV2=0",
					"JucePlugin_Enable_IAA=0",
					"JucePlugin_Enable_ARA=0",
					"JucePlugin_Name=\\\"Stereo\\ Widener\\\"",
					"JucePlugin_Desc=\\\"viator-stereo-widener\\\"",
					"JucePlugin_Manufacturer=\\\"Viator\\ DSP\\\"",
					"JucePlugin_ManufacturerWebsite=\\\"www.ViatorDSP.com\\\"",
					"JucePlugin_ManufacturerEmail=\\\"\\\"",
					"JucePlugin_ManufacturerCode=0x4d616e75",
					"JucePlugin_PluginCode=0x4f6a7077",
					"JucePlugin_IsSynth=0",
					"JucePlugin_WantsMidiInput=0",
					"JucePlugin_ProducesMidiOutput=0",
					"JucePlugin_IsMidiEffect=0",
					"JucePlugin_EditorRequiresKeyboardFocus=0",
					"JucePlugin_Version=1.0.0",
					"JucePlugin_VersionCode=0x10000",
					"JucePlugin_VersionString=\\\"1.0.0\\\"",
					"JucePlugin_VSTUniqueID=JucePlugin_PluginCode",
					"JucePlugin_VSTCategory=kPlugCategEffect",
					"JucePlugin_Vst3Category=\\\"Fx\\\"",
					"JucePlugin_AUMainType=\\'aufx\\'",
					"JucePlugin_AUSubType=JucePlugin_PluginCode",
					"JucePlugin_AUExportPrefix=viatorstereowidenerAU",
					"JucePlugin_AUExportPrefixQuoted=\\\"viatorstereowidenerAU\\\"",
					"JucePlugin_AUManufacturerCode=JucePlugin_ManufacturerCode",
					"JucePlugin_CFBundleIdentifier=com.ViatorDSP.viatorstereowidener",
					"JucePlugin_AAXIdentifier=com.ViatorDSP.viatorstereowidener",
					"JucePlugin_AAXManufacturerCode=JucePlugin_ManufacturerCode",
					"JucePlugin_AAXProductId=JucePlugin_PluginCode",
					"JucePlugin_AAXCategory=0",
					"JucePlugin_AAXDisableBypass=0",
					"JucePlugin_AAXDisableMultiMono=0",
					"JucePlugin_IAAType=0x61757278",
					"JucePlugin_IAASubType=JucePlugin_PluginCode",
					"JucePlugin_IAAName=\\\"Viator\\ DSP:\\ Stereo\\ Widener\\\"",
					"JucePlugin_VSTNumMidiInputs=16",
					"JucePlugin_VSTNumMidiOutputs=16",
					"JucePlugin_ARAContentTypes=0",
					"JucePlugin_ARATransformationFlags=0",
					"JucePlugin_ARAFactoryID=\\\"com.ViatorDSP.viatorstereowidener.factory\\\"",
					"JucePlugin_ARADocumentArchiveID=\\\"com.ViatorDSP.viatorstereowidener.aradocumentarchive.1.0.0\\\"",
					"JucePlugin_ARACompatibleArchiveIDs=\\\"\\\"",
					"JUCE_STANDALONE_APPLICATION=JucePlugin_Build_Standalone",
					"JUCER_XCODE_MAC_F6D2F4CF=1",
					"JUCE_APP_VERSION=1.0.0",
					"JUCE_APP_VERSION_HEX=0x10000",
				);
				GCC_VERSION = com.apple.compilers.llvm.clang.1_0;
				GENERATE_PKGINFO_FILE = YES;
				HEADER_SEARCH_PATHS = (
					"$(SRCROOT)/../../../modules/JUCE/modules/juce_audio_processors/format_types/VST3_SDK",
					"$(SRCROOT)/../../JuceLibraryCode",
					"$(SRCROOT)/../../../modules/JUCE/modules",
					"$(SRCROOT)/../../../modules/viatordsp",
					"$(SRCROOT)/../../../modules/JUCE/modules/juce_audio_plugin_client/AU",
					"$(inherited)",
				);
				INFOPLIST_FILE = Info-AU.plist;
				INFOPLIST_PREPROCESS = NO;
				INSTALL_PATH = "$(HOME)/Library/Audio/Plug-Ins/Components/";
				LIBRARY_STYLE = Bundle;
				LLVM_LTO = YES;
				MACOSX_DEPLOYMENT_TARGET = 10.13;
				MTL_HEADER_SEARCH_PATHS = "$(SRCROOT)/../../../modules/JUCE/modules/juce_audio_processors/format_types/VST3_SDK $(SRCROOT)/../../JuceLibraryCode $(SRCROOT)/../../../modules/JUCE/modules $(SRCROOT)/../../../modules/viatordsp $(SRCROOT)/../../../modules/JUCE/modules/juce_audio_plugin_client/AU";
				OTHER_LDFLAGS = "-bundle -lviator-stereo-widener -weak_framework Metal -weak_framework MetalKit";
				OTHER_REZFLAGS = "-d ppc_$ppc -d i386_$i386 -d ppc64_$ppc64 -d x86_64_$x86_64 -d arm64_$arm64 -I /System/Library/Frameworks/CoreServices.framework/Frameworks/CarbonCore.framework/Versions/A/Headers -I \"$(DEVELOPER_DIR)/Extras/CoreAudio/AudioUnits/AUPublic/AUBase\" -I \"$(DEVELOPER_DIR)/Platforms/MacOSX.platform/Developer/SDKs/MacOSX.sdk/System/Library/Frameworks/AudioUnit.framework/Headers\"";
				PRODUCT_BUNDLE_IDENTIFIER = com.ViatorDSP.viatorstereowidener;
				PRODUCT_NAME = "viator-stereo-widener";
				USE_HEADERMAP = NO;
				VALID_ARCHS = "i386 x86_64 arm64 arm64e";
				WRAPPER_EXTENSION = component;
			};
			name = Release;
		};
		B7B5D8B83E9FD63FF9345AA0 /* Debug */ = {
			isa = XCBuildConfiguration;
			buildSettings = {
				CLANG_CXX_LANGUAGE_STANDARD = "c++17";
				CLANG_CXX_LIBRARY = "libc++";
				CLANG_LINK_OBJC_RUNTIME = NO;
				COMBINE_HIDPI_IMAGES = YES;
				CONFIGURATION_BUILD_DIR = "$(PROJECT_DIR)/build/$(CONFIGURATION)";
				COPY_PHASE_STRIP = NO;
				EXCLUDED_ARCHS = "";
				GCC_DYNAMIC_NO_PIC = NO;
				GCC_OPTIMIZATION_LEVEL = 0;
				GCC_PREPROCESSOR_DEFINITIONS = (
					"_DEBUG=1",
					"DEBUG=1",
					"JUCE_DISPLAY_SPLASH_SCREEN=0",
					"JUCE_USE_DARK_SPLASH_SCREEN=1",
					"JUCE_PROJUCER_VERSION=0x70005",
					"JUCE_MODULE_AVAILABLE_juce_audio_basics=1",
					"JUCE_MODULE_AVAILABLE_juce_audio_devices=1",
					"JUCE_MODULE_AVAILABLE_juce_audio_formats=1",
					"JUCE_MODULE_AVAILABLE_juce_audio_plugin_client=1",
					"JUCE_MODULE_AVAILABLE_juce_audio_processors=1",
					"JUCE_MODULE_AVAILABLE_juce_audio_utils=1",
					"JUCE_MODULE_AVAILABLE_juce_core=1",
					"JUCE_MODULE_AVAILABLE_juce_data_structures=1",
					"JUCE_MODULE_AVAILABLE_juce_dsp=1",
					"JUCE_MODULE_AVAILABLE_juce_events=1",
					"JUCE_MODULE_AVAILABLE_juce_graphics=1",
					"JUCE_MODULE_AVAILABLE_juce_gui_basics=1",
					"JUCE_MODULE_AVAILABLE_juce_gui_extra=1",
					"JUCE_MODULE_AVAILABLE_viator_modules=1",
					"JUCE_GLOBAL_MODULE_SETTINGS_INCLUDED=1",
					"JUCE_VST3_CAN_REPLACE_VST2=0",
					"JUCE_STRICT_REFCOUNTEDPOINTER=1",
					"JucePlugin_Build_VST=0",
					"JucePlugin_Build_VST3=1",
					"JucePlugin_Build_AU=1",
					"JucePlugin_Build_AUv3=0",
					"JucePlugin_Build_AAX=0",
					"JucePlugin_Build_Standalone=1",
					"JucePlugin_Build_Unity=0",
					"JucePlugin_Build_LV2=0",
					"JucePlugin_Enable_IAA=0",
					"JucePlugin_Enable_ARA=0",
					"JucePlugin_Name=\\\"Stereo\\ Widener\\\"",
					"JucePlugin_Desc=\\\"viator-stereo-widener\\\"",
					"JucePlugin_Manufacturer=\\\"Viator\\ DSP\\\"",
					"JucePlugin_ManufacturerWebsite=\\\"www.ViatorDSP.com\\\"",
					"JucePlugin_ManufacturerEmail=\\\"\\\"",
					"JucePlugin_ManufacturerCode=0x4d616e75",
					"JucePlugin_PluginCode=0x4f6a7077",
					"JucePlugin_IsSynth=0",
					"JucePlugin_WantsMidiInput=0",
					"JucePlugin_ProducesMidiOutput=0",
					"JucePlugin_IsMidiEffect=0",
					"JucePlugin_EditorRequiresKeyboardFocus=0",
					"JucePlugin_Version=1.0.0",
					"JucePlugin_VersionCode=0x10000",
					"JucePlugin_VersionString=\\\"1.0.0\\\"",
					"JucePlugin_VSTUniqueID=JucePlugin_PluginCode",
					"JucePlugin_VSTCategory=kPlugCategEffect",
					"JucePlugin_Vst3Category=\\\"Fx\\\"",
					"JucePlugin_AUMainType=\\'aufx\\'",
					"JucePlugin_AUSubType=JucePlugin_PluginCode",
					"JucePlugin_AUExportPrefix=viatorstereowidenerAU",
					"JucePlugin_AUExportPrefixQuoted=\\\"viatorstereowidenerAU\\\"",
					"JucePlugin_AUManufacturerCode=JucePlugin_ManufacturerCode",
					"JucePlugin_CFBundleIdentifier=com.ViatorDSP.viatorstereowidener",
					"JucePlugin_AAXIdentifier=com.ViatorDSP.viatorstereowidener",
					"JucePlugin_AAXManufacturerCode=JucePlugin_ManufacturerCode",
					"JucePlugin_AAXProductId=JucePlugin_PluginCode",
					"JucePlugin_AAXCategory=0",
					"JucePlugin_AAXDisableBypass=0",
					"JucePlugin_AAXDisableMultiMono=0",
					"JucePlugin_IAAType=0x61757278",
					"JucePlugin_IAASubType=JucePlugin_PluginCode",
					"JucePlugin_IAAName=\\\"Viator\\ DSP:\\ Stereo\\ Widener\\\"",
					"JucePlugin_VSTNumMidiInputs=16",
					"JucePlugin_VSTNumMidiOutputs=16",
					"JucePlugin_ARAContentTypes=0",
					"JucePlugin_ARATransformationFlags=0",
					"JucePlugin_ARAFactoryID=\\\"com.ViatorDSP.viatorstereowidener.factory\\\"",
					"JucePlugin_ARADocumentArchiveID=\\\"com.ViatorDSP.viatorstereowidener.aradocumentarchive.1.0.0\\\"",
					"JucePlugin_ARACompatibleArchiveIDs=\\\"\\\"",
					"JUCE_STANDALONE_APPLICATION=JucePlugin_Build_Standalone",
					"JUCER_XCODE_MAC_F6D2F4CF=1",
					"JUCE_APP_VERSION=1.0.0",
					"JUCE_APP_VERSION_HEX=0x10000",
					"JUCE_SHARED_CODE=1",
				);
				GCC_VERSION = com.apple.compilers.llvm.clang.1_0;
				HEADER_SEARCH_PATHS = (
					"$(SRCROOT)/../../../modules/JUCE/modules/juce_audio_processors/format_types/VST3_SDK",
					"$(SRCROOT)/../../JuceLibraryCode",
					"$(SRCROOT)/../../../modules/JUCE/modules",
					"$(SRCROOT)/../../../modules/viatordsp",
					"$(SRCROOT)/../../../modules/JUCE/modules/juce_audio_plugin_client/AU",
					"$(inherited)",
				);
				INSTALL_PATH = "@executable_path/../Frameworks";
				MACOSX_DEPLOYMENT_TARGET = 10.13;
				MTL_HEADER_SEARCH_PATHS = "$(SRCROOT)/../../../modules/JUCE/modules/juce_audio_processors/format_types/VST3_SDK $(SRCROOT)/../../JuceLibraryCode $(SRCROOT)/../../../modules/JUCE/modules $(SRCROOT)/../../../modules/viatordsp $(SRCROOT)/../../../modules/JUCE/modules/juce_audio_plugin_client/AU";
				OTHER_LDFLAGS = "-weak_framework Metal -weak_framework MetalKit";
				PRODUCT_BUNDLE_IDENTIFIER = com.ViatorDSP.viatorstereowidener;
				PRODUCT_NAME = "viator-stereo-widener";
				SKIP_INSTALL = YES;
				USE_HEADERMAP = NO;
				VALID_ARCHS = "i386 x86_64 arm64 arm64e";
			};
			name = Debug;
		};
		D2ACD22EE3D91164813816E2 /* Release */ = {
			isa = XCBuildConfiguration;
			buildSettings = {
				MACOSX_DEPLOYMENT_TARGET = 10.13;
				SDKROOT = macosx;
			};
			name = Release;
		};
		DA128260ACD1798554DE4CF0 /* Release */ = {
			isa = XCBuildConfiguration;
			buildSettings = {
				ALWAYS_SEARCH_USER_PATHS = NO;
				CLANG_ENABLE_OBJC_WEAK = YES;
				CLANG_WARN_BLOCK_CAPTURE_AUTORELEASING = YES;
				CLANG_WARN_BOOL_CONVERSION = YES;
				CLANG_WARN_COMMA = YES;
				CLANG_WARN_CONSTANT_CONVERSION = YES;
				CLANG_WARN_DEPRECATED_OBJC_IMPLEMENTATIONS = YES;
				CLANG_WARN_EMPTY_BODY = YES;
				CLANG_WARN_ENUM_CONVERSION = YES;
				CLANG_WARN_INFINITE_RECURSION = YES;
				CLANG_WARN_INT_CONVERSION = YES;
				CLANG_WARN_NON_LITERAL_NULL_CONVERSION = YES;
				CLANG_WARN_OBJC_IMPLICIT_RETAIN_SELF = YES;
				CLANG_WARN_OBJC_LITERAL_CONVERSION = YES;
				CLANG_WARN_RANGE_LOOP_ANALYSIS = YES;
				CLANG_WARN_STRICT_PROTOTYPES = YES;
				CLANG_WARN_SUSPICIOUS_MOVE = YES;
				CLANG_WARN_UNREACHABLE_CODE = YES;
				CLANG_WARN__DUPLICATE_METHOD_MATCH = YES;
				DEBUG_INFORMATION_FORMAT = dwarf;
				ENABLE_STRICT_OBJC_MSGSEND = YES;
				ENABLE_TESTABILITY = NO;
				GCC_C_LANGUAGE_STANDARD = c11;
				GCC_INLINES_ARE_PRIVATE_EXTERN = YES;
				GCC_MODEL_TUNING = G5;
				GCC_NO_COMMON_BLOCKS = YES;
				GCC_SYMBOLS_PRIVATE_EXTERN = YES;
				GCC_WARN_64_TO_32_BIT_CONVERSION = YES;
				GCC_WARN_ABOUT_RETURN_TYPE = YES;
				GCC_WARN_CHECK_SWITCH_STATEMENTS = YES;
				GCC_WARN_MISSING_PARENTHESES = YES;
				GCC_WARN_NON_VIRTUAL_DESTRUCTOR = YES;
				GCC_WARN_TYPECHECK_CALLS_TO_PRINTF = YES;
				GCC_WARN_UNDECLARED_SELECTOR = YES;
				GCC_WARN_UNINITIALIZED_AUTOS = YES;
				GCC_WARN_UNUSED_FUNCTION = YES;
				GCC_WARN_UNUSED_VARIABLE = YES;
				PRODUCT_NAME = "viator-stereo-widener";
				SDKROOT = macosx;
				WARNING_CFLAGS = "-Wreorder";
				ZERO_LINK = NO;
			};
			name = Release;
		};
		E00C8EA8D8F390F730D1F546 /* Debug */ = {
			isa = XCBuildConfiguration;
			buildSettings = {
				ALWAYS_SEARCH_USER_PATHS = NO;
				CLANG_ENABLE_OBJC_WEAK = YES;
				CLANG_WARN_BLOCK_CAPTURE_AUTORELEASING = YES;
				CLANG_WARN_BOOL_CONVERSION = YES;
				CLANG_WARN_COMMA = YES;
				CLANG_WARN_CONSTANT_CONVERSION = YES;
				CLANG_WARN_DEPRECATED_OBJC_IMPLEMENTATIONS = YES;
				CLANG_WARN_EMPTY_BODY = YES;
				CLANG_WARN_ENUM_CONVERSION = YES;
				CLANG_WARN_INFINITE_RECURSION = YES;
				CLANG_WARN_INT_CONVERSION = YES;
				CLANG_WARN_NON_LITERAL_NULL_CONVERSION = YES;
				CLANG_WARN_OBJC_IMPLICIT_RETAIN_SELF = YES;
				CLANG_WARN_OBJC_LITERAL_CONVERSION = YES;
				CLANG_WARN_RANGE_LOOP_ANALYSIS = YES;
				CLANG_WARN_STRICT_PROTOTYPES = YES;
				CLANG_WARN_SUSPICIOUS_MOVE = YES;
				CLANG_WARN_UNREACHABLE_CODE = YES;
				CLANG_WARN__DUPLICATE_METHOD_MATCH = YES;
				DEBUG_INFORMATION_FORMAT = dwarf;
				ENABLE_STRICT_OBJC_MSGSEND = YES;
				ENABLE_TESTABILITY = NO;
				GCC_C_LANGUAGE_STANDARD = c11;
				GCC_INLINES_ARE_PRIVATE_EXTERN = YES;
				GCC_MODEL_TUNING = G5;
				GCC_NO_COMMON_BLOCKS = YES;
				GCC_SYMBOLS_PRIVATE_EXTERN = YES;
				GCC_WARN_64_TO_32_BIT_CONVERSION = YES;
				GCC_WARN_ABOUT_RETURN_TYPE = YES;
				GCC_WARN_CHECK_SWITCH_STATEMENTS = YES;
				GCC_WARN_MISSING_PARENTHESES = YES;
				GCC_WARN_NON_VIRTUAL_DESTRUCTOR = YES;
				GCC_WARN_TYPECHECK_CALLS_TO_PRINTF = YES;
				GCC_WARN_UNDECLARED_SELECTOR = YES;
				GCC_WARN_UNINITIALIZED_AUTOS = YES;
				GCC_WARN_UNUSED_FUNCTION = YES;
				GCC_WARN_UNUSED_VARIABLE = YES;
				ONLY_ACTIVE_ARCH = YES;
				PRODUCT_NAME = "viator-stereo-widener";
				SDKROOT = macosx;
				WARNING_CFLAGS = "-Wreorder";
				ZERO_LINK = NO;
			};
			name = Debug;
		};
		EA3CFA37F1968236AB79DBB0 /* Debug */ = {
			isa = XCBuildConfiguration;
			buildSettings = {
				MACOSX_DEPLOYMENT_TARGET = 10.13;
				SDKROOT = macosx;
			};
			name = Debug;
		};
/* End XCBuildConfiguration section */

/* Begin XCConfigurationList section */
		36557F05AE13EFD75CEB82FF = {
			isa = XCConfigurationList;
			buildConfigurations = (
				EA3CFA37F1968236AB79DBB0,
				D2ACD22EE3D91164813816E2,
			);
			defaultConfigurationIsVisible = 0;
			defaultConfigurationName = Debug;
		};
		77E34CC145E2AFFF8A9FCC93 = {
			isa = XCConfigurationList;
			buildConfigurations = (
				505352EDC6188807BD6FFCB6,
				8890117E3C9984C72CD20642,
			);
			defaultConfigurationIsVisible = 0;
			defaultConfigurationName = Debug;
		};
		801B085872CB9D1ED89C0FE1 = {
			isa = XCConfigurationList;
			buildConfigurations = (
				DA128260ACD1798554DE4CF0,
				E00C8EA8D8F390F730D1F546,
			);
			defaultConfigurationIsVisible = 0;
			defaultConfigurationName = Debug;
		};
		C6948E729B708D6F6C809888 = {
			isa = XCConfigurationList;
			buildConfigurations = (
				B7B5D8B83E9FD63FF9345AA0,
				0FEFE58670509E1B46C3BEC2,
			);
			defaultConfigurationIsVisible = 0;
			defaultConfigurationName = Debug;
		};
		E209071FECC40E8949EF487B = {
			isa = XCConfigurationList;
			buildConfigurations = (
				40FF3973E765193B11841BFA,
				75D1FB9397EC925D5EC7AC35,
			);
			defaultConfigurationIsVisible = 0;
			defaultConfigurationName = Debug;
		};
		E86B5E2B733F1BD9B35B28AE = {
			isa = XCConfigurationList;
			buildConfigurations = (
				6AC5F8713BB48AFD1B6E38E6,
				1F6E2FA87B7E488ECE813DFB,
			);
			defaultConfigurationIsVisible = 0;
			defaultConfigurationName = Debug;
		};
/* End XCConfigurationList section */
	};
	rootObject = 6F23B6FCEA67FE978A02D490 /* Project object */;
}
